// !$*UTF8*$!
{
	archiveVersion = 1;
	classes = {
	};
	objectVersion = 51;
	objects = {

/* Begin PBXBuildFile section */
		DE8981D6ACEC26085DFFE403 /* Pods_Starbucks_Texture.framework in Frameworks */ = {isa = PBXBuildFile; fileRef = 865F22D02A6012ACF820531A /* Pods_Starbucks_Texture.framework */; };
		ED20D6A12716741500005770 /* CardListController.swift in Sources */ = {isa = PBXBuildFile; fileRef = ED20D6A02716741500005770 /* CardListController.swift */; };
		ED20D6A427167B4D00005770 /* CardListCellNode.swift in Sources */ = {isa = PBXBuildFile; fileRef = ED20D6A327167B4D00005770 /* CardListCellNode.swift */; };
		ED20D6A7271693CA00005770 /* DetailCardController.swift in Sources */ = {isa = PBXBuildFile; fileRef = ED20D6A6271693CA00005770 /* DetailCardController.swift */; };
		ED5440CB27323259000804DA /* CollectionCellNode.swift in Sources */ = {isa = PBXBuildFile; fileRef = ED5440CA27323259000804DA /* CollectionCellNode.swift */; };
		ED5440CE2732371F000804DA /* AddCardHeader.swift in Sources */ = {isa = PBXBuildFile; fileRef = ED5440CD2732371F000804DA /* AddCardHeader.swift */; };
		ED63852A26FA0E83007F7F8D /* AppDelegate.swift in Sources */ = {isa = PBXBuildFile; fileRef = ED63852926FA0E83007F7F8D /* AppDelegate.swift */; };
		ED63853326FA0E84007F7F8D /* Assets.xcassets in Resources */ = {isa = PBXBuildFile; fileRef = ED63853226FA0E84007F7F8D /* Assets.xcassets */; };
		ED63853626FA0E84007F7F8D /* LaunchScreen.storyboard in Resources */ = {isa = PBXBuildFile; fileRef = ED63853426FA0E84007F7F8D /* LaunchScreen.storyboard */; };
		ED63854426FA120F007F7F8D /* TabbarController.swift in Sources */ = {isa = PBXBuildFile; fileRef = ED63854326FA120F007F7F8D /* TabbarController.swift */; };
		ED63854626FA1263007F7F8D /* PayController.swift in Sources */ = {isa = PBXBuildFile; fileRef = ED63854526FA1263007F7F8D /* PayController.swift */; };
		ED63854826FA1AB2007F7F8D /* CardCellNode.swift in Sources */ = {isa = PBXBuildFile; fileRef = ED63854726FA1AB2007F7F8D /* CardCellNode.swift */; };
		ED63854A26FA1AC0007F7F8D /* AdCellNode.swift in Sources */ = {isa = PBXBuildFile; fileRef = ED63854926FA1AC0007F7F8D /* AdCellNode.swift */; };
		ED63854D26FA2298007F7F8D /* NavigationController+.swift in Sources */ = {isa = PBXBuildFile; fileRef = ED63854C26FA2298007F7F8D /* NavigationController+.swift */; };
		ED66783E2756DC29007AC51F /* ColorLiteral.swift in Sources */ = {isa = PBXBuildFile; fileRef = ED66783D2756DC29007AC51F /* ColorLiteral.swift */; };
		ED6678402756DC3B007AC51F /* IconLiteral.swift in Sources */ = {isa = PBXBuildFile; fileRef = ED66783F2756DC3B007AC51F /* IconLiteral.swift */; };
		ED6678422756DC70007AC51F /* Const.swift in Sources */ = {isa = PBXBuildFile; fileRef = ED6678412756DC70007AC51F /* Const.swift */; };
		ED71D7C527044127006347EC /* AddCardController.swift in Sources */ = {isa = PBXBuildFile; fileRef = ED71D7C427044127006347EC /* AddCardController.swift */; };
		ED71D7CB27048D63006347EC /* VoucherDetailCellNode.swift in Sources */ = {isa = PBXBuildFile; fileRef = ED71D7CA27048D63006347EC /* VoucherDetailCellNode.swift */; };
		ED71D7CD2704918A006347EC /* CardDetailCellNode.swift in Sources */ = {isa = PBXBuildFile; fileRef = ED71D7CC2704918A006347EC /* CardDetailCellNode.swift */; };
		ED71D7CF27049325006347EC /* EditableTextField.swift in Sources */ = {isa = PBXBuildFile; fileRef = ED71D7CE27049325006347EC /* EditableTextField.swift */; };
		EDABEF65274E0AE10031DE5A /* HomeHeader.swift in Sources */ = {isa = PBXBuildFile; fileRef = EDABEF64274E0AE10031DE5A /* HomeHeader.swift */; };
		EDABEF6A274E0F9C0031DE5A /* HomeAdCellNode.swift in Sources */ = {isa = PBXBuildFile; fileRef = EDABEF69274E0F9C0031DE5A /* HomeAdCellNode.swift */; };
		EDABEF6E274E1FAE0031DE5A /* RecommendMenuCellNode.swift in Sources */ = {isa = PBXBuildFile; fileRef = EDABEF6D274E1FAE0031DE5A /* RecommendMenuCellNode.swift */; };
		EDABEF70274E21A80031DE5A /* CoffeeCellNode.swift in Sources */ = {isa = PBXBuildFile; fileRef = EDABEF6F274E21A80031DE5A /* CoffeeCellNode.swift */; };
		EDB20AE52717D8A7001D647E /* CardMenuCellNode.swift in Sources */ = {isa = PBXBuildFile; fileRef = EDB20AE42717D8A7001D647E /* CardMenuCellNode.swift */; };
		EDB6BC8D26FA438A00A5F64C /* DetailEmptyCellNode.swift in Sources */ = {isa = PBXBuildFile; fileRef = EDB6BC8C26FA438A00A5F64C /* DetailEmptyCellNode.swift */; };
		EDD3117E273B7A32003E2469 /* HomeController.swift in Sources */ = {isa = PBXBuildFile; fileRef = EDD3117D273B7A31003E2469 /* HomeController.swift */; };
		EDD31180273BA17D003E2469 /* TopView.swift in Sources */ = {isa = PBXBuildFile; fileRef = EDD3117F273BA17D003E2469 /* TopView.swift */; };
		EDD31183273BBA42003E2469 /* ContentNode.swift in Sources */ = {isa = PBXBuildFile; fileRef = EDD31182273BBA42003E2469 /* ContentNode.swift */; };
		EDF049F9270CC4B300C4B4B0 /* Card.swift in Sources */ = {isa = PBXBuildFile; fileRef = EDF049F8270CC4B300C4B4B0 /* Card.swift */; };
		EDF049FB270CC7FF00C4B4B0 /* DetailCardCellNode.swift in Sources */ = {isa = PBXBuildFile; fileRef = EDF049FA270CC7FF00C4B4B0 /* DetailCardCellNode.swift */; };
		EDF04A03270CD56300C4B4B0 /* ChargeButton.swift in Sources */ = {isa = PBXBuildFile; fileRef = EDF04A02270CD56300C4B4B0 /* ChargeButton.swift */; };
		EDF04A05270CDA4300C4B4B0 /* CouponCellNode.swift in Sources */ = {isa = PBXBuildFile; fileRef = EDF04A04270CDA4300C4B4B0 /* CouponCellNode.swift */; };
		EDF04A27270D6A1400C4B4B0 /* ASCellNode+.swift in Sources */ = {isa = PBXBuildFile; fileRef = EDF04A26270D6A1400C4B4B0 /* ASCellNode+.swift */; };
		EDF04A2A270D78ED00C4B4B0 /* VoucherMenu.swift in Sources */ = {isa = PBXBuildFile; fileRef = EDF04A29270D78ED00C4B4B0 /* VoucherMenu.swift */; };
/* End PBXBuildFile section */

/* Begin PBXFileReference section */
		113F6373F6B2503F8533A2A6 /* Pods-Starbucks-Texture.debug.xcconfig */ = {isa = PBXFileReference; includeInIndex = 1; lastKnownFileType = text.xcconfig; name = "Pods-Starbucks-Texture.debug.xcconfig"; path = "Target Support Files/Pods-Starbucks-Texture/Pods-Starbucks-Texture.debug.xcconfig"; sourceTree = "<group>"; };
		865F22D02A6012ACF820531A /* Pods_Starbucks_Texture.framework */ = {isa = PBXFileReference; explicitFileType = wrapper.framework; includeInIndex = 0; path = Pods_Starbucks_Texture.framework; sourceTree = BUILT_PRODUCTS_DIR; };
		8F80F0F41E0A46FC65B2AA2C /* Pods-Starbucks-Texture.release.xcconfig */ = {isa = PBXFileReference; includeInIndex = 1; lastKnownFileType = text.xcconfig; name = "Pods-Starbucks-Texture.release.xcconfig"; path = "Target Support Files/Pods-Starbucks-Texture/Pods-Starbucks-Texture.release.xcconfig"; sourceTree = "<group>"; };
		ED20D6A02716741500005770 /* CardListController.swift */ = {isa = PBXFileReference; lastKnownFileType = sourcecode.swift; path = CardListController.swift; sourceTree = "<group>"; };
		ED20D6A327167B4D00005770 /* CardListCellNode.swift */ = {isa = PBXFileReference; lastKnownFileType = sourcecode.swift; path = CardListCellNode.swift; sourceTree = "<group>"; };
		ED20D6A6271693CA00005770 /* DetailCardController.swift */ = {isa = PBXFileReference; lastKnownFileType = sourcecode.swift; path = DetailCardController.swift; sourceTree = "<group>"; };
		ED5440CA27323259000804DA /* CollectionCellNode.swift */ = {isa = PBXFileReference; lastKnownFileType = sourcecode.swift; path = CollectionCellNode.swift; sourceTree = "<group>"; };
		ED5440CD2732371F000804DA /* AddCardHeader.swift */ = {isa = PBXFileReference; lastKnownFileType = sourcecode.swift; path = AddCardHeader.swift; sourceTree = "<group>"; };
		ED63852626FA0E83007F7F8D /* Starbucks-Texture.app */ = {isa = PBXFileReference; explicitFileType = wrapper.application; includeInIndex = 0; path = "Starbucks-Texture.app"; sourceTree = BUILT_PRODUCTS_DIR; };
		ED63852926FA0E83007F7F8D /* AppDelegate.swift */ = {isa = PBXFileReference; lastKnownFileType = sourcecode.swift; path = AppDelegate.swift; sourceTree = "<group>"; };
		ED63853226FA0E84007F7F8D /* Assets.xcassets */ = {isa = PBXFileReference; lastKnownFileType = folder.assetcatalog; path = Assets.xcassets; sourceTree = "<group>"; };
		ED63853526FA0E84007F7F8D /* Base */ = {isa = PBXFileReference; lastKnownFileType = file.storyboard; name = Base; path = Base.lproj/LaunchScreen.storyboard; sourceTree = "<group>"; };
		ED63853726FA0E84007F7F8D /* Info.plist */ = {isa = PBXFileReference; lastKnownFileType = text.plist.xml; path = Info.plist; sourceTree = "<group>"; };
		ED63854326FA120F007F7F8D /* TabbarController.swift */ = {isa = PBXFileReference; lastKnownFileType = sourcecode.swift; path = TabbarController.swift; sourceTree = "<group>"; };
		ED63854526FA1263007F7F8D /* PayController.swift */ = {isa = PBXFileReference; lastKnownFileType = sourcecode.swift; path = PayController.swift; sourceTree = "<group>"; };
		ED63854726FA1AB2007F7F8D /* CardCellNode.swift */ = {isa = PBXFileReference; lastKnownFileType = sourcecode.swift; path = CardCellNode.swift; sourceTree = "<group>"; };
		ED63854926FA1AC0007F7F8D /* AdCellNode.swift */ = {isa = PBXFileReference; lastKnownFileType = sourcecode.swift; path = AdCellNode.swift; sourceTree = "<group>"; };
		ED63854C26FA2298007F7F8D /* NavigationController+.swift */ = {isa = PBXFileReference; lastKnownFileType = sourcecode.swift; path = "NavigationController+.swift"; sourceTree = "<group>"; };
		ED66783D2756DC29007AC51F /* ColorLiteral.swift */ = {isa = PBXFileReference; lastKnownFileType = sourcecode.swift; path = ColorLiteral.swift; sourceTree = "<group>"; };
		ED66783F2756DC3B007AC51F /* IconLiteral.swift */ = {isa = PBXFileReference; lastKnownFileType = sourcecode.swift; path = IconLiteral.swift; sourceTree = "<group>"; };
		ED6678412756DC70007AC51F /* Const.swift */ = {isa = PBXFileReference; lastKnownFileType = sourcecode.swift; path = Const.swift; sourceTree = "<group>"; };
		ED71D7C427044127006347EC /* AddCardController.swift */ = {isa = PBXFileReference; lastKnownFileType = sourcecode.swift; path = AddCardController.swift; sourceTree = "<group>"; };
		ED71D7CA27048D63006347EC /* VoucherDetailCellNode.swift */ = {isa = PBXFileReference; lastKnownFileType = sourcecode.swift; path = VoucherDetailCellNode.swift; sourceTree = "<group>"; };
		ED71D7CC2704918A006347EC /* CardDetailCellNode.swift */ = {isa = PBXFileReference; lastKnownFileType = sourcecode.swift; path = CardDetailCellNode.swift; sourceTree = "<group>"; };
		ED71D7CE27049325006347EC /* EditableTextField.swift */ = {isa = PBXFileReference; lastKnownFileType = sourcecode.swift; path = EditableTextField.swift; sourceTree = "<group>"; };
		EDABEF64274E0AE10031DE5A /* HomeHeader.swift */ = {isa = PBXFileReference; lastKnownFileType = sourcecode.swift; path = HomeHeader.swift; sourceTree = "<group>"; };
		EDABEF69274E0F9C0031DE5A /* HomeAdCellNode.swift */ = {isa = PBXFileReference; lastKnownFileType = sourcecode.swift; path = HomeAdCellNode.swift; sourceTree = "<group>"; };
		EDABEF6D274E1FAE0031DE5A /* RecommendMenuCellNode.swift */ = {isa = PBXFileReference; lastKnownFileType = sourcecode.swift; path = RecommendMenuCellNode.swift; sourceTree = "<group>"; };
		EDABEF6F274E21A80031DE5A /* CoffeeCellNode.swift */ = {isa = PBXFileReference; lastKnownFileType = sourcecode.swift; path = CoffeeCellNode.swift; sourceTree = "<group>"; };
		EDB20AE42717D8A7001D647E /* CardMenuCellNode.swift */ = {isa = PBXFileReference; lastKnownFileType = sourcecode.swift; path = CardMenuCellNode.swift; sourceTree = "<group>"; };
		EDB6BC8C26FA438A00A5F64C /* DetailEmptyCellNode.swift */ = {isa = PBXFileReference; lastKnownFileType = sourcecode.swift; path = DetailEmptyCellNode.swift; sourceTree = "<group>"; };
		EDD3117D273B7A31003E2469 /* HomeController.swift */ = {isa = PBXFileReference; lastKnownFileType = sourcecode.swift; path = HomeController.swift; sourceTree = "<group>"; };
		EDD3117F273BA17D003E2469 /* TopView.swift */ = {isa = PBXFileReference; lastKnownFileType = sourcecode.swift; path = TopView.swift; sourceTree = "<group>"; };
		EDD31182273BBA42003E2469 /* ContentNode.swift */ = {isa = PBXFileReference; lastKnownFileType = sourcecode.swift; path = ContentNode.swift; sourceTree = "<group>"; };
		EDF049F8270CC4B300C4B4B0 /* Card.swift */ = {isa = PBXFileReference; lastKnownFileType = sourcecode.swift; path = Card.swift; sourceTree = "<group>"; };
		EDF049FA270CC7FF00C4B4B0 /* DetailCardCellNode.swift */ = {isa = PBXFileReference; lastKnownFileType = sourcecode.swift; path = DetailCardCellNode.swift; sourceTree = "<group>"; };
		EDF04A02270CD56300C4B4B0 /* ChargeButton.swift */ = {isa = PBXFileReference; lastKnownFileType = sourcecode.swift; path = ChargeButton.swift; sourceTree = "<group>"; };
		EDF04A04270CDA4300C4B4B0 /* CouponCellNode.swift */ = {isa = PBXFileReference; lastKnownFileType = sourcecode.swift; path = CouponCellNode.swift; sourceTree = "<group>"; };
		EDF04A26270D6A1400C4B4B0 /* ASCellNode+.swift */ = {isa = PBXFileReference; lastKnownFileType = sourcecode.swift; path = "ASCellNode+.swift"; sourceTree = "<group>"; };
		EDF04A29270D78ED00C4B4B0 /* VoucherMenu.swift */ = {isa = PBXFileReference; lastKnownFileType = sourcecode.swift; path = VoucherMenu.swift; sourceTree = "<group>"; };
/* End PBXFileReference section */

/* Begin PBXFrameworksBuildPhase section */
		ED63852326FA0E83007F7F8D /* Frameworks */ = {
			isa = PBXFrameworksBuildPhase;
			buildActionMask = 2147483647;
			files = (
				DE8981D6ACEC26085DFFE403 /* Pods_Starbucks_Texture.framework in Frameworks */,
			);
			runOnlyForDeploymentPostprocessing = 0;
		};
/* End PBXFrameworksBuildPhase section */

/* Begin PBXGroup section */
		2F4FF9F9C6EE12F7A8369CD8 /* Pods */ = {
			isa = PBXGroup;
			children = (
				113F6373F6B2503F8533A2A6 /* Pods-Starbucks-Texture.debug.xcconfig */,
				8F80F0F41E0A46FC65B2AA2C /* Pods-Starbucks-Texture.release.xcconfig */,
			);
			path = Pods;
			sourceTree = "<group>";
		};
		4986A33DA5F503505023C9BC /* Frameworks */ = {
			isa = PBXGroup;
			children = (
				865F22D02A6012ACF820531A /* Pods_Starbucks_Texture.framework */,
			);
			name = Frameworks;
			sourceTree = "<group>";
		};
		ED20D6A227167B3800005770 /* CardList */ = {
			isa = PBXGroup;
			children = (
				ED20D6A327167B4D00005770 /* CardListCellNode.swift */,
			);
			path = CardList;
			sourceTree = "<group>";
		};
		ED63851D26FA0E83007F7F8D = {
			isa = PBXGroup;
			children = (
				ED63852826FA0E83007F7F8D /* Starbucks-Texture */,
				ED63852726FA0E83007F7F8D /* Products */,
				2F4FF9F9C6EE12F7A8369CD8 /* Pods */,
				4986A33DA5F503505023C9BC /* Frameworks */,
			);
			sourceTree = "<group>";
		};
		ED63852726FA0E83007F7F8D /* Products */ = {
			isa = PBXGroup;
			children = (
				ED63852626FA0E83007F7F8D /* Starbucks-Texture.app */,
			);
			name = Products;
			sourceTree = "<group>";
		};
		ED63852826FA0E83007F7F8D /* Starbucks-Texture */ = {
			isa = PBXGroup;
			children = (
				ED66782F2756DAD8007AC51F /* Screens */,
				ED66782D2756DA8C007AC51F /* Global */,
			);
			path = "Starbucks-Texture";
			sourceTree = "<group>";
		};
		ED63853F26FA10A3007F7F8D /* Supporting files */ = {
			isa = PBXGroup;
			children = (
				ED63853726FA0E84007F7F8D /* Info.plist */,
				ED63852926FA0E83007F7F8D /* AppDelegate.swift */,
			);
			path = "Supporting files";
			sourceTree = "<group>";
		};
		ED63854B26FA2277007F7F8D /* Extensions */ = {
			isa = PBXGroup;
			children = (
				ED63854C26FA2298007F7F8D /* NavigationController+.swift */,
				EDF04A26270D6A1400C4B4B0 /* ASCellNode+.swift */,
			);
			path = Extensions;
			sourceTree = "<group>";
		};
		ED66782D2756DA8C007AC51F /* Global */ = {
			isa = PBXGroup;
			children = (
				ED66783C2756DC1F007AC51F /* Literal */,
				EDF049F7270CC4A500C4B4B0 /* Models */,
				ED66782E2756DAC1007AC51F /* Resource */,
				ED63853F26FA10A3007F7F8D /* Supporting files */,
				ED63854B26FA2277007F7F8D /* Extensions */,
			);
			path = Global;
			sourceTree = "<group>";
		};
		ED66782E2756DAC1007AC51F /* Resource */ = {
			isa = PBXGroup;
			children = (
				ED63853226FA0E84007F7F8D /* Assets.xcassets */,
				ED63853426FA0E84007F7F8D /* LaunchScreen.storyboard */,
			);
			path = Resource;
			sourceTree = "<group>";
		};
		ED66782F2756DAD8007AC51F /* Screens */ = {
			isa = PBXGroup;
			children = (
				ED6678392756DBA4007AC51F /* Tabbar */,
				ED6678352756DB74007AC51F /* Home */,
				ED6678302756DAE7007AC51F /* Pay */,
			);
			path = Screens;
			sourceTree = "<group>";
		};
		ED6678302756DAE7007AC51F /* Pay */ = {
			isa = PBXGroup;
			children = (
				ED6678332756DAFD007AC51F /* Component */,
				ED6678322756DAF0007AC51F /* CellNode */,
				ED6678312756DAEB007AC51F /* VC */,
			);
			path = Pay;
			sourceTree = "<group>";
		};
		ED6678312756DAEB007AC51F /* VC */ = {
			isa = PBXGroup;
			children = (
				ED63854526FA1263007F7F8D /* PayController.swift */,
				ED71D7C427044127006347EC /* AddCardController.swift */,
				ED20D6A02716741500005770 /* CardListController.swift */,
				ED20D6A6271693CA00005770 /* DetailCardController.swift */,
			);
			path = VC;
			sourceTree = "<group>";
		};
		ED6678322756DAF0007AC51F /* CellNode */ = {
			isa = PBXGroup;
			children = (
				EDB20AE32717D89C001D647E /* CardDetail */,
				ED20D6A227167B3800005770 /* CardList */,
				EDF049FD270CC8D900C4B4B0 /* AddCard */,
				EDF049FC270CC8C600C4B4B0 /* Card */,
			);
			path = CellNode;
			sourceTree = "<group>";
		};
		ED6678332756DAFD007AC51F /* Component */ = {
			isa = PBXGroup;
			children = (
				ED6678342756DB05007AC51F /* Node */,
				ED5440CD2732371F000804DA /* AddCardHeader.swift */,
			);
			path = Component;
			sourceTree = "<group>";
		};
		ED6678342756DB05007AC51F /* Node */ = {
			isa = PBXGroup;
			children = (
				ED71D7CE27049325006347EC /* EditableTextField.swift */,
				EDF04A29270D78ED00C4B4B0 /* VoucherMenu.swift */,
				EDF04A02270CD56300C4B4B0 /* ChargeButton.swift */,
			);
			path = Node;
			sourceTree = "<group>";
		};
		ED6678352756DB74007AC51F /* Home */ = {
			isa = PBXGroup;
			children = (
				ED6678382756DB7F007AC51F /* Component */,
				ED6678372756DB7C007AC51F /* CellNode */,
				ED6678362756DB78007AC51F /* VC */,
			);
			path = Home;
			sourceTree = "<group>";
		};
		ED6678362756DB78007AC51F /* VC */ = {
			isa = PBXGroup;
			children = (
				EDD3117D273B7A31003E2469 /* HomeController.swift */,
			);
			path = VC;
			sourceTree = "<group>";
		};
		ED6678372756DB7C007AC51F /* CellNode */ = {
			isa = PBXGroup;
			children = (
				ED66783A2756DBBB007AC51F /* Main */,
			);
			path = CellNode;
			sourceTree = "<group>";
		};
		ED6678382756DB7F007AC51F /* Component */ = {
			isa = PBXGroup;
			children = (
				ED66783B2756DBCA007AC51F /* Node */,
				EDABEF64274E0AE10031DE5A /* HomeHeader.swift */,
			);
			path = Component;
			sourceTree = "<group>";
		};
		ED6678392756DBA4007AC51F /* Tabbar */ = {
			isa = PBXGroup;
			children = (
				ED63854326FA120F007F7F8D /* TabbarController.swift */,
			);
			path = Tabbar;
			sourceTree = "<group>";
		};
		ED66783A2756DBBB007AC51F /* Main */ = {
			isa = PBXGroup;
			children = (
				EDABEF69274E0F9C0031DE5A /* HomeAdCellNode.swift */,
				EDABEF6D274E1FAE0031DE5A /* RecommendMenuCellNode.swift */,
				EDABEF6F274E21A80031DE5A /* CoffeeCellNode.swift */,
			);
			path = Main;
			sourceTree = "<group>";
		};
		ED66783B2756DBCA007AC51F /* Node */ = {
			isa = PBXGroup;
			children = (
				EDD3117F273BA17D003E2469 /* TopView.swift */,
				EDD31182273BBA42003E2469 /* ContentNode.swift */,
			);
			path = Node;
			sourceTree = "<group>";
		};
		ED66783C2756DC1F007AC51F /* Literal */ = {
			isa = PBXGroup;
			children = (
				ED66783D2756DC29007AC51F /* ColorLiteral.swift */,
				ED66783F2756DC3B007AC51F /* IconLiteral.swift */,
				ED6678412756DC70007AC51F /* Const.swift */,
			);
			path = Literal;
			sourceTree = "<group>";
		};
		EDB20AE32717D89C001D647E /* CardDetail */ = {
			isa = PBXGroup;
			children = (
				EDB20AE42717D8A7001D647E /* CardMenuCellNode.swift */,
			);
			path = CardDetail;
			sourceTree = "<group>";
		};
		EDF049F7270CC4A500C4B4B0 /* Models */ = {
			isa = PBXGroup;
			children = (
				EDF049F8270CC4B300C4B4B0 /* Card.swift */,
			);
			path = Models;
			sourceTree = "<group>";
		};
		EDF049FC270CC8C600C4B4B0 /* Card */ = {
			isa = PBXGroup;
			children = (
				EDF049FA270CC7FF00C4B4B0 /* DetailCardCellNode.swift */,
				EDB6BC8C26FA438A00A5F64C /* DetailEmptyCellNode.swift */,
				ED63854926FA1AC0007F7F8D /* AdCellNode.swift */,
				ED63854726FA1AB2007F7F8D /* CardCellNode.swift */,
				EDF04A04270CDA4300C4B4B0 /* CouponCellNode.swift */,
			);
			path = Card;
			sourceTree = "<group>";
		};
		EDF049FD270CC8D900C4B4B0 /* AddCard */ = {
			isa = PBXGroup;
			children = (
				ED71D7CC2704918A006347EC /* CardDetailCellNode.swift */,
				ED71D7CA27048D63006347EC /* VoucherDetailCellNode.swift */,
				ED5440CA27323259000804DA /* CollectionCellNode.swift */,
			);
			path = AddCard;
			sourceTree = "<group>";
		};
/* End PBXGroup section */

/* Begin PBXNativeTarget section */
		ED63852526FA0E83007F7F8D /* Starbucks-Texture */ = {
			isa = PBXNativeTarget;
			buildConfigurationList = ED63853A26FA0E84007F7F8D /* Build configuration list for PBXNativeTarget "Starbucks-Texture" */;
			buildPhases = (
				253BC2299EEB76CB8CBFE774 /* [CP] Check Pods Manifest.lock */,
				ED63852226FA0E83007F7F8D /* Sources */,
				ED63852326FA0E83007F7F8D /* Frameworks */,
				ED63852426FA0E83007F7F8D /* Resources */,
				D05BC3D131FAC0D26A09320D /* [CP] Embed Pods Frameworks */,
			);
			buildRules = (
			);
			dependencies = (
			);
			name = "Starbucks-Texture";
			productName = "Starbucks-Texture";
			productReference = ED63852626FA0E83007F7F8D /* Starbucks-Texture.app */;
			productType = "com.apple.product-type.application";
		};
/* End PBXNativeTarget section */

/* Begin PBXProject section */
		ED63851E26FA0E83007F7F8D /* Project object */ = {
			isa = PBXProject;
			attributes = {
				LastSwiftUpdateCheck = 1250;
				LastUpgradeCheck = 1250;
				TargetAttributes = {
					ED63852526FA0E83007F7F8D = {
						CreatedOnToolsVersion = 12.5.1;
					};
				};
			};
			buildConfigurationList = ED63852126FA0E83007F7F8D /* Build configuration list for PBXProject "Starbucks-Texture" */;
			compatibilityVersion = "Xcode 9.3";
			developmentRegion = en;
			hasScannedForEncodings = 0;
			knownRegions = (
				en,
				Base,
			);
			mainGroup = ED63851D26FA0E83007F7F8D;
			productRefGroup = ED63852726FA0E83007F7F8D /* Products */;
			projectDirPath = "";
			projectRoot = "";
			targets = (
				ED63852526FA0E83007F7F8D /* Starbucks-Texture */,
			);
		};
/* End PBXProject section */

/* Begin PBXResourcesBuildPhase section */
		ED63852426FA0E83007F7F8D /* Resources */ = {
			isa = PBXResourcesBuildPhase;
			buildActionMask = 2147483647;
			files = (
				ED63853626FA0E84007F7F8D /* LaunchScreen.storyboard in Resources */,
				ED63853326FA0E84007F7F8D /* Assets.xcassets in Resources */,
			);
			runOnlyForDeploymentPostprocessing = 0;
		};
/* End PBXResourcesBuildPhase section */

/* Begin PBXShellScriptBuildPhase section */
		253BC2299EEB76CB8CBFE774 /* [CP] Check Pods Manifest.lock */ = {
			isa = PBXShellScriptBuildPhase;
			buildActionMask = 2147483647;
			files = (
			);
			inputFileListPaths = (
			);
			inputPaths = (
				"${PODS_PODFILE_DIR_PATH}/Podfile.lock",
				"${PODS_ROOT}/Manifest.lock",
			);
			name = "[CP] Check Pods Manifest.lock";
			outputFileListPaths = (
			);
			outputPaths = (
				"$(DERIVED_FILE_DIR)/Pods-Starbucks-Texture-checkManifestLockResult.txt",
			);
			runOnlyForDeploymentPostprocessing = 0;
			shellPath = /bin/sh;
			shellScript = "diff \"${PODS_PODFILE_DIR_PATH}/Podfile.lock\" \"${PODS_ROOT}/Manifest.lock\" > /dev/null\nif [ $? != 0 ] ; then\n    # print error to STDERR\n    echo \"error: The sandbox is not in sync with the Podfile.lock. Run 'pod install' or update your CocoaPods installation.\" >&2\n    exit 1\nfi\n# This output is used by Xcode 'outputs' to avoid re-running this script phase.\necho \"SUCCESS\" > \"${SCRIPT_OUTPUT_FILE_0}\"\n";
			showEnvVarsInLog = 0;
		};
		D05BC3D131FAC0D26A09320D /* [CP] Embed Pods Frameworks */ = {
			isa = PBXShellScriptBuildPhase;
			buildActionMask = 2147483647;
			files = (
			);
			inputFileListPaths = (
				"${PODS_ROOT}/Target Support Files/Pods-Starbucks-Texture/Pods-Starbucks-Texture-frameworks-${CONFIGURATION}-input-files.xcfilelist",
			);
			name = "[CP] Embed Pods Frameworks";
			outputFileListPaths = (
				"${PODS_ROOT}/Target Support Files/Pods-Starbucks-Texture/Pods-Starbucks-Texture-frameworks-${CONFIGURATION}-output-files.xcfilelist",
			);
			runOnlyForDeploymentPostprocessing = 0;
			shellPath = /bin/sh;
			shellScript = "\"${PODS_ROOT}/Target Support Files/Pods-Starbucks-Texture/Pods-Starbucks-Texture-frameworks.sh\"\n";
			showEnvVarsInLog = 0;
		};
/* End PBXShellScriptBuildPhase section */

/* Begin PBXSourcesBuildPhase section */
		ED63852226FA0E83007F7F8D /* Sources */ = {
			isa = PBXSourcesBuildPhase;
			buildActionMask = 2147483647;
			files = (
				ED63852A26FA0E83007F7F8D /* AppDelegate.swift in Sources */,
				EDABEF6E274E1FAE0031DE5A /* RecommendMenuCellNode.swift in Sources */,
				EDD31180273BA17D003E2469 /* TopView.swift in Sources */,
				EDF04A03270CD56300C4B4B0 /* ChargeButton.swift in Sources */,
				EDABEF6A274E0F9C0031DE5A /* HomeAdCellNode.swift in Sources */,
				ED71D7C527044127006347EC /* AddCardController.swift in Sources */,
				EDB6BC8D26FA438A00A5F64C /* DetailEmptyCellNode.swift in Sources */,
				EDABEF65274E0AE10031DE5A /* HomeHeader.swift in Sources */,
				EDD31183273BBA42003E2469 /* ContentNode.swift in Sources */,
				ED20D6A427167B4D00005770 /* CardListCellNode.swift in Sources */,
				EDF049F9270CC4B300C4B4B0 /* Card.swift in Sources */,
				EDF04A27270D6A1400C4B4B0 /* ASCellNode+.swift in Sources */,
				ED5440CE2732371F000804DA /* AddCardHeader.swift in Sources */,
				EDB20AE52717D8A7001D647E /* CardMenuCellNode.swift in Sources */,
				ED63854826FA1AB2007F7F8D /* CardCellNode.swift in Sources */,
				ED20D6A12716741500005770 /* CardListController.swift in Sources */,
				EDABEF70274E21A80031DE5A /* CoffeeCellNode.swift in Sources */,
				ED71D7CF27049325006347EC /* EditableTextField.swift in Sources */,
				ED6678402756DC3B007AC51F /* IconLiteral.swift in Sources */,
				ED5440CB27323259000804DA /* CollectionCellNode.swift in Sources */,
				ED71D7CB27048D63006347EC /* VoucherDetailCellNode.swift in Sources */,
				EDF04A05270CDA4300C4B4B0 /* CouponCellNode.swift in Sources */,
				ED6678422756DC70007AC51F /* Const.swift in Sources */,
				EDF04A2A270D78ED00C4B4B0 /* VoucherMenu.swift in Sources */,
				ED63854A26FA1AC0007F7F8D /* AdCellNode.swift in Sources */,
				ED63854426FA120F007F7F8D /* TabbarController.swift in Sources */,
				ED66783E2756DC29007AC51F /* ColorLiteral.swift in Sources */,
				ED71D7CD2704918A006347EC /* CardDetailCellNode.swift in Sources */,
				ED20D6A7271693CA00005770 /* DetailCardController.swift in Sources */,
				EDD3117E273B7A32003E2469 /* HomeController.swift in Sources */,
				ED63854626FA1263007F7F8D /* PayController.swift in Sources */,
				EDF049FB270CC7FF00C4B4B0 /* DetailCardCellNode.swift in Sources */,
				ED63854D26FA2298007F7F8D /* NavigationController+.swift in Sources */,
			);
			runOnlyForDeploymentPostprocessing = 0;
		};
/* End PBXSourcesBuildPhase section */

/* Begin PBXVariantGroup section */
		ED63853426FA0E84007F7F8D /* LaunchScreen.storyboard */ = {
			isa = PBXVariantGroup;
			children = (
				ED63853526FA0E84007F7F8D /* Base */,
			);
			name = LaunchScreen.storyboard;
			sourceTree = "<group>";
		};
/* End PBXVariantGroup section */

/* Begin XCBuildConfiguration section */
		ED63853826FA0E84007F7F8D /* Debug */ = {
			isa = XCBuildConfiguration;
			buildSettings = {
				ALWAYS_SEARCH_USER_PATHS = NO;
				CLANG_ANALYZER_NONNULL = YES;
				CLANG_ANALYZER_NUMBER_OBJECT_CONVERSION = YES_AGGRESSIVE;
				CLANG_CXX_LANGUAGE_STANDARD = "gnu++14";
				CLANG_CXX_LIBRARY = "libc++";
				CLANG_ENABLE_MODULES = YES;
				CLANG_ENABLE_OBJC_ARC = YES;
				CLANG_ENABLE_OBJC_WEAK = YES;
				CLANG_WARN_BLOCK_CAPTURE_AUTORELEASING = YES;
				CLANG_WARN_BOOL_CONVERSION = YES;
				CLANG_WARN_COMMA = YES;
				CLANG_WARN_CONSTANT_CONVERSION = YES;
				CLANG_WARN_DEPRECATED_OBJC_IMPLEMENTATIONS = YES;
				CLANG_WARN_DIRECT_OBJC_ISA_USAGE = YES_ERROR;
				CLANG_WARN_DOCUMENTATION_COMMENTS = YES;
				CLANG_WARN_EMPTY_BODY = YES;
				CLANG_WARN_ENUM_CONVERSION = YES;
				CLANG_WARN_INFINITE_RECURSION = YES;
				CLANG_WARN_INT_CONVERSION = YES;
				CLANG_WARN_NON_LITERAL_NULL_CONVERSION = YES;
				CLANG_WARN_OBJC_IMPLICIT_RETAIN_SELF = YES;
				CLANG_WARN_OBJC_LITERAL_CONVERSION = YES;
				CLANG_WARN_OBJC_ROOT_CLASS = YES_ERROR;
				CLANG_WARN_QUOTED_INCLUDE_IN_FRAMEWORK_HEADER = YES;
				CLANG_WARN_RANGE_LOOP_ANALYSIS = YES;
				CLANG_WARN_STRICT_PROTOTYPES = YES;
				CLANG_WARN_SUSPICIOUS_MOVE = YES;
				CLANG_WARN_UNGUARDED_AVAILABILITY = YES_AGGRESSIVE;
				CLANG_WARN_UNREACHABLE_CODE = YES;
				CLANG_WARN__DUPLICATE_METHOD_MATCH = YES;
				COPY_PHASE_STRIP = NO;
				DEBUG_INFORMATION_FORMAT = dwarf;
				ENABLE_STRICT_OBJC_MSGSEND = YES;
				ENABLE_TESTABILITY = YES;
				GCC_C_LANGUAGE_STANDARD = gnu11;
				GCC_DYNAMIC_NO_PIC = NO;
				GCC_NO_COMMON_BLOCKS = YES;
				GCC_OPTIMIZATION_LEVEL = 0;
				GCC_PREPROCESSOR_DEFINITIONS = (
					"DEBUG=1",
					"$(inherited)",
				);
				GCC_WARN_64_TO_32_BIT_CONVERSION = YES;
				GCC_WARN_ABOUT_RETURN_TYPE = YES_ERROR;
				GCC_WARN_UNDECLARED_SELECTOR = YES;
				GCC_WARN_UNINITIALIZED_AUTOS = YES_AGGRESSIVE;
				GCC_WARN_UNUSED_FUNCTION = YES;
				GCC_WARN_UNUSED_VARIABLE = YES;
				IPHONEOS_DEPLOYMENT_TARGET = 14.5;
				MTL_ENABLE_DEBUG_INFO = INCLUDE_SOURCE;
				MTL_FAST_MATH = YES;
				ONLY_ACTIVE_ARCH = YES;
				SDKROOT = iphoneos;
				SWIFT_ACTIVE_COMPILATION_CONDITIONS = DEBUG;
				SWIFT_OPTIMIZATION_LEVEL = "-Onone";
			};
			name = Debug;
		};
		ED63853926FA0E84007F7F8D /* Release */ = {
			isa = XCBuildConfiguration;
			buildSettings = {
				ALWAYS_SEARCH_USER_PATHS = NO;
				CLANG_ANALYZER_NONNULL = YES;
				CLANG_ANALYZER_NUMBER_OBJECT_CONVERSION = YES_AGGRESSIVE;
				CLANG_CXX_LANGUAGE_STANDARD = "gnu++14";
				CLANG_CXX_LIBRARY = "libc++";
				CLANG_ENABLE_MODULES = YES;
				CLANG_ENABLE_OBJC_ARC = YES;
				CLANG_ENABLE_OBJC_WEAK = YES;
				CLANG_WARN_BLOCK_CAPTURE_AUTORELEASING = YES;
				CLANG_WARN_BOOL_CONVERSION = YES;
				CLANG_WARN_COMMA = YES;
				CLANG_WARN_CONSTANT_CONVERSION = YES;
				CLANG_WARN_DEPRECATED_OBJC_IMPLEMENTATIONS = YES;
				CLANG_WARN_DIRECT_OBJC_ISA_USAGE = YES_ERROR;
				CLANG_WARN_DOCUMENTATION_COMMENTS = YES;
				CLANG_WARN_EMPTY_BODY = YES;
				CLANG_WARN_ENUM_CONVERSION = YES;
				CLANG_WARN_INFINITE_RECURSION = YES;
				CLANG_WARN_INT_CONVERSION = YES;
				CLANG_WARN_NON_LITERAL_NULL_CONVERSION = YES;
				CLANG_WARN_OBJC_IMPLICIT_RETAIN_SELF = YES;
				CLANG_WARN_OBJC_LITERAL_CONVERSION = YES;
				CLANG_WARN_OBJC_ROOT_CLASS = YES_ERROR;
				CLANG_WARN_QUOTED_INCLUDE_IN_FRAMEWORK_HEADER = YES;
				CLANG_WARN_RANGE_LOOP_ANALYSIS = YES;
				CLANG_WARN_STRICT_PROTOTYPES = YES;
				CLANG_WARN_SUSPICIOUS_MOVE = YES;
				CLANG_WARN_UNGUARDED_AVAILABILITY = YES_AGGRESSIVE;
				CLANG_WARN_UNREACHABLE_CODE = YES;
				CLANG_WARN__DUPLICATE_METHOD_MATCH = YES;
				COPY_PHASE_STRIP = NO;
				DEBUG_INFORMATION_FORMAT = "dwarf-with-dsym";
				ENABLE_NS_ASSERTIONS = NO;
				ENABLE_STRICT_OBJC_MSGSEND = YES;
				GCC_C_LANGUAGE_STANDARD = gnu11;
				GCC_NO_COMMON_BLOCKS = YES;
				GCC_WARN_64_TO_32_BIT_CONVERSION = YES;
				GCC_WARN_ABOUT_RETURN_TYPE = YES_ERROR;
				GCC_WARN_UNDECLARED_SELECTOR = YES;
				GCC_WARN_UNINITIALIZED_AUTOS = YES_AGGRESSIVE;
				GCC_WARN_UNUSED_FUNCTION = YES;
				GCC_WARN_UNUSED_VARIABLE = YES;
				IPHONEOS_DEPLOYMENT_TARGET = 14.5;
				MTL_ENABLE_DEBUG_INFO = NO;
				MTL_FAST_MATH = YES;
				SDKROOT = iphoneos;
				SWIFT_COMPILATION_MODE = wholemodule;
				SWIFT_OPTIMIZATION_LEVEL = "-O";
				VALIDATE_PRODUCT = YES;
			};
			name = Release;
		};
		ED63853B26FA0E84007F7F8D /* Debug */ = {
			isa = XCBuildConfiguration;
			baseConfigurationReference = 113F6373F6B2503F8533A2A6 /* Pods-Starbucks-Texture.debug.xcconfig */;
			buildSettings = {
				ASSETCATALOG_COMPILER_APPICON_NAME = AppIcon;
				ASSETCATALOG_COMPILER_GLOBAL_ACCENT_COLOR_NAME = AccentColor;
				CODE_SIGN_STYLE = Automatic;
				INFOPLIST_FILE = "Starbucks-Texture/Global/Supporting files/Info.plist";
				LD_RUNPATH_SEARCH_PATHS = (
					"$(inherited)",
					"@executable_path/Frameworks",
				);
				PRODUCT_BUNDLE_IDENTIFIER = "com.tiekle.Starbucks-Texture";
				PRODUCT_NAME = "$(TARGET_NAME)";
				SWIFT_VERSION = 5.0;
				TARGETED_DEVICE_FAMILY = "1,2";
			};
			name = Debug;
		};
		ED63853C26FA0E84007F7F8D /* Release */ = {
			isa = XCBuildConfiguration;
			baseConfigurationReference = 8F80F0F41E0A46FC65B2AA2C /* Pods-Starbucks-Texture.release.xcconfig */;
			buildSettings = {
				ASSETCATALOG_COMPILER_APPICON_NAME = AppIcon;
				ASSETCATALOG_COMPILER_GLOBAL_ACCENT_COLOR_NAME = AccentColor;
				CODE_SIGN_STYLE = Automatic;
				INFOPLIST_FILE = "Starbucks-Texture/Global/Supporting files/Info.plist";
				LD_RUNPATH_SEARCH_PATHS = (
					"$(inherited)",
					"@executable_path/Frameworks",
				);
				PRODUCT_BUNDLE_IDENTIFIER = "com.tiekle.Starbucks-Texture";
				PRODUCT_NAME = "$(TARGET_NAME)";
				SWIFT_VERSION = 5.0;
				TARGETED_DEVICE_FAMILY = "1,2";
			};
			name = Release;
		};
/* End XCBuildConfiguration section */

/* Begin XCConfigurationList section */
		ED63852126FA0E83007F7F8D /* Build configuration list for PBXProject "Starbucks-Texture" */ = {
			isa = XCConfigurationList;
			buildConfigurations = (
				ED63853826FA0E84007F7F8D /* Debug */,
				ED63853926FA0E84007F7F8D /* Release */,
			);
			defaultConfigurationIsVisible = 0;
			defaultConfigurationName = Release;
		};
		ED63853A26FA0E84007F7F8D /* Build configuration list for PBXNativeTarget "Starbucks-Texture" */ = {
			isa = XCConfigurationList;
			buildConfigurations = (
				ED63853B26FA0E84007F7F8D /* Debug */,
				ED63853C26FA0E84007F7F8D /* Release */,
			);
			defaultConfigurationIsVisible = 0;
			defaultConfigurationName = Release;
		};
/* End XCConfigurationList section */
	};
	rootObject = ED63851E26FA0E83007F7F8D /* Project object */;
}
