// !$*UTF8*$!
{
	archiveVersion = 1;
	classes = {
	};
	objectVersion = 50;
	objects = {

/* Begin PBXBuildFile section */
		EDB91D9626C2AD3300F4562D /* AppDelegate.swift in Sources */ = {isa = PBXBuildFile; fileRef = EDB91D9526C2AD3300F4562D /* AppDelegate.swift */; };
		EDB91D9826C2AD3300F4562D /* SceneDelegate.swift in Sources */ = {isa = PBXBuildFile; fileRef = EDB91D9726C2AD3300F4562D /* SceneDelegate.swift */; };
		EDB91D9A26C2AD3300F4562D /* ViewController.swift in Sources */ = {isa = PBXBuildFile; fileRef = EDB91D9926C2AD3300F4562D /* ViewController.swift */; };
		EDB91D9D26C2AD3300F4562D /* Main.storyboard in Resources */ = {isa = PBXBuildFile; fileRef = EDB91D9B26C2AD3300F4562D /* Main.storyboard */; };
		EDB91D9F26C2AD3500F4562D /* Assets.xcassets in Resources */ = {isa = PBXBuildFile; fileRef = EDB91D9E26C2AD3500F4562D /* Assets.xcassets */; };
		EDB91DA226C2AD3500F4562D /* LaunchScreen.storyboard in Resources */ = {isa = PBXBuildFile; fileRef = EDB91DA026C2AD3500F4562D /* LaunchScreen.storyboard */; };
/* End PBXBuildFile section */

/* Begin PBXFileReference section */
		EDB91D9226C2AD3300F4562D /* Texture-Example.app */ = {isa = PBXFileReference; explicitFileType = wrapper.application; includeInIndex = 0; path = "Texture-Example.app"; sourceTree = BUILT_PRODUCTS_DIR; };
		EDB91D9526C2AD3300F4562D /* AppDelegate.swift */ = {isa = PBXFileReference; lastKnownFileType = sourcecode.swift; path = AppDelegate.swift; sourceTree = "<group>"; };
		EDB91D9726C2AD3300F4562D /* SceneDelegate.swift */ = {isa = PBXFileReference; lastKnownFileType = sourcecode.swift; path = SceneDelegate.swift; sourceTree = "<group>"; };
		EDB91D9926C2AD3300F4562D /* ViewController.swift */ = {isa = PBXFileReference; lastKnownFileType = sourcecode.swift; path = ViewController.swift; sourceTree = "<group>"; };
		EDB91D9C26C2AD3300F4562D /* Base */ = {isa = PBXFileReference; lastKnownFileType = file.storyboard; name = Base; path = Base.lproj/Main.storyboard; sourceTree = "<group>"; };
		EDB91D9E26C2AD3500F4562D /* Assets.xcassets */ = {isa = PBXFileReference; lastKnownFileType = folder.assetcatalog; path = Assets.xcassets; sourceTree = "<group>"; };
		EDB91DA126C2AD3500F4562D /* Base */ = {isa = PBXFileReference; lastKnownFileType = file.storyboard; name = Base; path = Base.lproj/LaunchScreen.storyboard; sourceTree = "<group>"; };
		EDB91DA326C2AD3500F4562D /* Info.plist */ = {isa = PBXFileReference; lastKnownFileType = text.plist.xml; path = Info.plist; sourceTree = "<group>"; };
/* End PBXFileReference section */

/* Begin PBXFrameworksBuildPhase section */
		EDB91D8F26C2AD3300F4562D /* Frameworks */ = {
			isa = PBXFrameworksBuildPhase;
			buildActionMask = 2147483647;
			files = (
			);
			runOnlyForDeploymentPostprocessing = 0;
		};
/* End PBXFrameworksBuildPhase section */

/* Begin PBXGroup section */
		EDB91D8926C2AD3300F4562D = {
			isa = PBXGroup;
			children = (
				EDB91D9426C2AD3300F4562D /* Texture-Example */,
				EDB91D9326C2AD3300F4562D /* Products */,
			);
			sourceTree = "<group>";
		};
		EDB91D9326C2AD3300F4562D /* Products */ = {
			isa = PBXGroup;
			children = (
				EDB91D9226C2AD3300F4562D /* Texture-Example.app */,
			);
			name = Products;
			sourceTree = "<group>";
		};
		EDB91D9426C2AD3300F4562D /* Texture-Example */ = {
			isa = PBXGroup;
			children = (
				EDB91DAA26C2AD4800F4562D /* Sources */,
				EDB91DA926C2AD4200F4562D /* Resources */,
			);
			path = "Texture-Example";
			sourceTree = "<group>";
		};
		EDB91DA926C2AD4200F4562D /* Resources */ = {
			isa = PBXGroup;
			children = (
				EDB91D9E26C2AD3500F4562D /* Assets.xcassets */,
				EDB91D9B26C2AD3300F4562D /* Main.storyboard */,
				EDB91DA026C2AD3500F4562D /* LaunchScreen.storyboard */,
				EDB91DA326C2AD3500F4562D /* Info.plist */,
			);
			path = Resources;
			sourceTree = "<group>";
		};
		EDB91DAA26C2AD4800F4562D /* Sources */ = {
			isa = PBXGroup;
			children = (
				EDB91DAD26C2AD7C00F4562D /* Nodes */,
				EDB91DAC26C2AD7200F4562D /* ViewControllers */,
				EDB91DAB26C2AD6700F4562D /* Supports */,
			);
			path = Sources;
			sourceTree = "<group>";
		};
		EDB91DAB26C2AD6700F4562D /* Supports */ = {
			isa = PBXGroup;
			children = (
				EDB91D9526C2AD3300F4562D /* AppDelegate.swift */,
				EDB91D9726C2AD3300F4562D /* SceneDelegate.swift */,
			);
			path = Supports;
			sourceTree = "<group>";
		};
		EDB91DAC26C2AD7200F4562D /* ViewControllers */ = {
			isa = PBXGroup;
			children = (
				EDB91D9926C2AD3300F4562D /* ViewController.swift */,
			);
			path = ViewControllers;
			sourceTree = "<group>";
		};
		EDB91DAD26C2AD7C00F4562D /* Nodes */ = {
			isa = PBXGroup;
			children = (
			);
			path = Nodes;
			sourceTree = "<group>";
		};
/* End PBXGroup section */

/* Begin PBXNativeTarget section */
		EDB91D9126C2AD3300F4562D /* Texture-Example */ = {
			isa = PBXNativeTarget;
			buildConfigurationList = EDB91DA626C2AD3500F4562D /* Build configuration list for PBXNativeTarget "Texture-Example" */;
			buildPhases = (
				EDB91D8E26C2AD3300F4562D /* Sources */,
				EDB91D8F26C2AD3300F4562D /* Frameworks */,
				EDB91D9026C2AD3300F4562D /* Resources */,
			);
			buildRules = (
			);
			dependencies = (
			);
			name = "Texture-Example";
			productName = "Texture-Example";
			productReference = EDB91D9226C2AD3300F4562D /* Texture-Example.app */;
			productType = "com.apple.product-type.application";
		};
/* End PBXNativeTarget section */

/* Begin PBXProject section */
		EDB91D8A26C2AD3300F4562D /* Project object */ = {
			isa = PBXProject;
			attributes = {
				LastSwiftUpdateCheck = 1250;
				LastUpgradeCheck = 1250;
				TargetAttributes = {
					EDB91D9126C2AD3300F4562D = {
						CreatedOnToolsVersion = 12.5.1;
					};
				};
			};
			buildConfigurationList = EDB91D8D26C2AD3300F4562D /* Build configuration list for PBXProject "Texture-Example" */;
			compatibilityVersion = "Xcode 9.3";
			developmentRegion = en;
			hasScannedForEncodings = 0;
			knownRegions = (
				en,
				Base,
			);
			mainGroup = EDB91D8926C2AD3300F4562D;
			productRefGroup = EDB91D9326C2AD3300F4562D /* Products */;
			projectDirPath = "";
			projectRoot = "";
			targets = (
				EDB91D9126C2AD3300F4562D /* Texture-Example */,
			);
		};
/* End PBXProject section */

/* Begin PBXResourcesBuildPhase section */
		EDB91D9026C2AD3300F4562D /* Resources */ = {
			isa = PBXResourcesBuildPhase;
			buildActionMask = 2147483647;
			files = (
				EDB91DA226C2AD3500F4562D /* LaunchScreen.storyboard in Resources */,
				EDB91D9F26C2AD3500F4562D /* Assets.xcassets in Resources */,
				EDB91D9D26C2AD3300F4562D /* Main.storyboard in Resources */,
			);
			runOnlyForDeploymentPostprocessing = 0;
		};
/* End PBXResourcesBuildPhase section */

/* Begin PBXSourcesBuildPhase section */
		EDB91D8E26C2AD3300F4562D /* Sources */ = {
			isa = PBXSourcesBuildPhase;
			buildActionMask = 2147483647;
			files = (
				EDB91D9A26C2AD3300F4562D /* ViewController.swift in Sources */,
				EDB91D9626C2AD3300F4562D /* AppDelegate.swift in Sources */,
				EDB91D9826C2AD3300F4562D /* SceneDelegate.swift in Sources */,
			);
			runOnlyForDeploymentPostprocessing = 0;
		};
/* End PBXSourcesBuildPhase section */

/* Begin PBXVariantGroup section */
		EDB91D9B26C2AD3300F4562D /* Main.storyboard */ = {
			isa = PBXVariantGroup;
			children = (
				EDB91D9C26C2AD3300F4562D /* Base */,
			);
			name = Main.storyboard;
			sourceTree = "<group>";
		};
		EDB91DA026C2AD3500F4562D /* LaunchScreen.storyboard */ = {
			isa = PBXVariantGroup;
			children = (
				EDB91DA126C2AD3500F4562D /* Base */,
			);
			name = LaunchScreen.storyboard;
			sourceTree = "<group>";
		};
/* End PBXVariantGroup section */

/* Begin XCBuildConfiguration section */
		EDB91DA426C2AD3500F4562D /* Debug */ = {
			isa = XCBuildConfiguration;
			buildSettings = {
				ALWAYS_SEARCH_USER_PATHS = NO;
				CLANG_ANALYZER_NONNULL = YES;
				CLANG_ANALYZER_NUMBER_OBJECT_CONVERSION = YES_AGGRESSIVE;
				CLANG_CXX_LANGUAGE_STANDARD = "gnu++14";
				CLANG_CXX_LIBRARY = "libc++";
				CLANG_ENABLE_MODULES = YES;
				CLANG_ENABLE_OBJC_ARC = YES;
				CLANG_ENABLE_OBJC_WEAK = YES;
				CLANG_WARN_BLOCK_CAPTURE_AUTORELEASING = YES;
				CLANG_WARN_BOOL_CONVERSION = YES;
				CLANG_WARN_COMMA = YES;
				CLANG_WARN_CONSTANT_CONVERSION = YES;
				CLANG_WARN_DEPRECATED_OBJC_IMPLEMENTATIONS = YES;
				CLANG_WARN_DIRECT_OBJC_ISA_USAGE = YES_ERROR;
				CLANG_WARN_DOCUMENTATION_COMMENTS = YES;
				CLANG_WARN_EMPTY_BODY = YES;
				CLANG_WARN_ENUM_CONVERSION = YES;
				CLANG_WARN_INFINITE_RECURSION = YES;
				CLANG_WARN_INT_CONVERSION = YES;
				CLANG_WARN_NON_LITERAL_NULL_CONVERSION = YES;
				CLANG_WARN_OBJC_IMPLICIT_RETAIN_SELF = YES;
				CLANG_WARN_OBJC_LITERAL_CONVERSION = YES;
				CLANG_WARN_OBJC_ROOT_CLASS = YES_ERROR;
				CLANG_WARN_QUOTED_INCLUDE_IN_FRAMEWORK_HEADER = YES;
				CLANG_WARN_RANGE_LOOP_ANALYSIS = YES;
				CLANG_WARN_STRICT_PROTOTYPES = YES;
				CLANG_WARN_SUSPICIOUS_MOVE = YES;
				CLANG_WARN_UNGUARDED_AVAILABILITY = YES_AGGRESSIVE;
				CLANG_WARN_UNREACHABLE_CODE = YES;
				CLANG_WARN__DUPLICATE_METHOD_MATCH = YES;
				COPY_PHASE_STRIP = NO;
				DEBUG_INFORMATION_FORMAT = dwarf;
				ENABLE_STRICT_OBJC_MSGSEND = YES;
				ENABLE_TESTABILITY = YES;
				GCC_C_LANGUAGE_STANDARD = gnu11;
				GCC_DYNAMIC_NO_PIC = NO;
				GCC_NO_COMMON_BLOCKS = YES;
				GCC_OPTIMIZATION_LEVEL = 0;
				GCC_PREPROCESSOR_DEFINITIONS = (
					"DEBUG=1",
					"$(inherited)",
				);
				GCC_WARN_64_TO_32_BIT_CONVERSION = YES;
				GCC_WARN_ABOUT_RETURN_TYPE = YES_ERROR;
				GCC_WARN_UNDECLARED_SELECTOR = YES;
				GCC_WARN_UNINITIALIZED_AUTOS = YES_AGGRESSIVE;
				GCC_WARN_UNUSED_FUNCTION = YES;
				GCC_WARN_UNUSED_VARIABLE = YES;
				IPHONEOS_DEPLOYMENT_TARGET = 14.5;
				MTL_ENABLE_DEBUG_INFO = INCLUDE_SOURCE;
				MTL_FAST_MATH = YES;
				ONLY_ACTIVE_ARCH = YES;
				SDKROOT = iphoneos;
				SWIFT_ACTIVE_COMPILATION_CONDITIONS = DEBUG;
				SWIFT_OPTIMIZATION_LEVEL = "-Onone";
			};
			name = Debug;
		};
		EDB91DA526C2AD3500F4562D /* Release */ = {
			isa = XCBuildConfiguration;
			buildSettings = {
				ALWAYS_SEARCH_USER_PATHS = NO;
				CLANG_ANALYZER_NONNULL = YES;
				CLANG_ANALYZER_NUMBER_OBJECT_CONVERSION = YES_AGGRESSIVE;
				CLANG_CXX_LANGUAGE_STANDARD = "gnu++14";
				CLANG_CXX_LIBRARY = "libc++";
				CLANG_ENABLE_MODULES = YES;
				CLANG_ENABLE_OBJC_ARC = YES;
				CLANG_ENABLE_OBJC_WEAK = YES;
				CLANG_WARN_BLOCK_CAPTURE_AUTORELEASING = YES;
				CLANG_WARN_BOOL_CONVERSION = YES;
				CLANG_WARN_COMMA = YES;
				CLANG_WARN_CONSTANT_CONVERSION = YES;
				CLANG_WARN_DEPRECATED_OBJC_IMPLEMENTATIONS = YES;
				CLANG_WARN_DIRECT_OBJC_ISA_USAGE = YES_ERROR;
				CLANG_WARN_DOCUMENTATION_COMMENTS = YES;
				CLANG_WARN_EMPTY_BODY = YES;
				CLANG_WARN_ENUM_CONVERSION = YES;
				CLANG_WARN_INFINITE_RECURSION = YES;
				CLANG_WARN_INT_CONVERSION = YES;
				CLANG_WARN_NON_LITERAL_NULL_CONVERSION = YES;
				CLANG_WARN_OBJC_IMPLICIT_RETAIN_SELF = YES;
				CLANG_WARN_OBJC_LITERAL_CONVERSION = YES;
				CLANG_WARN_OBJC_ROOT_CLASS = YES_ERROR;
				CLANG_WARN_QUOTED_INCLUDE_IN_FRAMEWORK_HEADER = YES;
				CLANG_WARN_RANGE_LOOP_ANALYSIS = YES;
				CLANG_WARN_STRICT_PROTOTYPES = YES;
				CLANG_WARN_SUSPICIOUS_MOVE = YES;
				CLANG_WARN_UNGUARDED_AVAILABILITY = YES_AGGRESSIVE;
				CLANG_WARN_UNREACHABLE_CODE = YES;
				CLANG_WARN__DUPLICATE_METHOD_MATCH = YES;
				COPY_PHASE_STRIP = NO;
				DEBUG_INFORMATION_FORMAT = "dwarf-with-dsym";
				ENABLE_NS_ASSERTIONS = NO;
				ENABLE_STRICT_OBJC_MSGSEND = YES;
				GCC_C_LANGUAGE_STANDARD = gnu11;
				GCC_NO_COMMON_BLOCKS = YES;
				GCC_WARN_64_TO_32_BIT_CONVERSION = YES;
				GCC_WARN_ABOUT_RETURN_TYPE = YES_ERROR;
				GCC_WARN_UNDECLARED_SELECTOR = YES;
				GCC_WARN_UNINITIALIZED_AUTOS = YES_AGGRESSIVE;
				GCC_WARN_UNUSED_FUNCTION = YES;
				GCC_WARN_UNUSED_VARIABLE = YES;
				IPHONEOS_DEPLOYMENT_TARGET = 14.5;
				MTL_ENABLE_DEBUG_INFO = NO;
				MTL_FAST_MATH = YES;
				SDKROOT = iphoneos;
				SWIFT_COMPILATION_MODE = wholemodule;
				SWIFT_OPTIMIZATION_LEVEL = "-O";
				VALIDATE_PRODUCT = YES;
			};
			name = Release;
		};
		EDB91DA726C2AD3500F4562D /* Debug */ = {
			isa = XCBuildConfiguration;
			buildSettings = {
				ASSETCATALOG_COMPILER_APPICON_NAME = AppIcon;
				ASSETCATALOG_COMPILER_GLOBAL_ACCENT_COLOR_NAME = AccentColor;
				CODE_SIGN_STYLE = Automatic;
				INFOPLIST_FILE = "Texture-Example/Info.plist";
				LD_RUNPATH_SEARCH_PATHS = (
					"$(inherited)",
					"@executable_path/Frameworks",
				);
				PRODUCT_BUNDLE_IDENTIFIER = "com.tiekle.Texture-Example";
				PRODUCT_NAME = "$(TARGET_NAME)";
				SWIFT_VERSION = 5.0;
				TARGETED_DEVICE_FAMILY = "1,2";
			};
			name = Debug;
		};
		EDB91DA826C2AD3500F4562D /* Release */ = {
			isa = XCBuildConfiguration;
			buildSettings = {
				ASSETCATALOG_COMPILER_APPICON_NAME = AppIcon;
				ASSETCATALOG_COMPILER_GLOBAL_ACCENT_COLOR_NAME = AccentColor;
				CODE_SIGN_STYLE = Automatic;
				INFOPLIST_FILE = "Texture-Example/Info.plist";
				LD_RUNPATH_SEARCH_PATHS = (
					"$(inherited)",
					"@executable_path/Frameworks",
				);
				PRODUCT_BUNDLE_IDENTIFIER = "com.tiekle.Texture-Example";
				PRODUCT_NAME = "$(TARGET_NAME)";
				SWIFT_VERSION = 5.0;
				TARGETED_DEVICE_FAMILY = "1,2";
			};
			name = Release;
		};
/* End XCBuildConfiguration section */

/* Begin XCConfigurationList section */
		EDB91D8D26C2AD3300F4562D /* Build configuration list for PBXProject "Texture-Example" */ = {
			isa = XCConfigurationList;
			buildConfigurations = (
				EDB91DA426C2AD3500F4562D /* Debug */,
				EDB91DA526C2AD3500F4562D /* Release */,
			);
			defaultConfigurationIsVisible = 0;
			defaultConfigurationName = Release;
		};
		EDB91DA626C2AD3500F4562D /* Build configuration list for PBXNativeTarget "Texture-Example" */ = {
			isa = XCConfigurationList;
			buildConfigurations = (
				EDB91DA726C2AD3500F4562D /* Debug */,
				EDB91DA826C2AD3500F4562D /* Release */,
			);
			defaultConfigurationIsVisible = 0;
			defaultConfigurationName = Release;
		};
/* End XCConfigurationList section */
	};
	rootObject = EDB91D8A26C2AD3300F4562D /* Project object */;
}
