// !$*UTF8*$!
{
	archiveVersion = 1;
	classes = {
	};
	objectVersion = 51;
	objects = {

/* Begin PBXBuildFile section */
		AAF6E22EE22F747873BF009B /* Pods_KakaoTalk_Example.framework in Frameworks */ = {isa = PBXBuildFile; fileRef = 198EC06CCEC3277EC7F8C328 /* Pods_KakaoTalk_Example.framework */; };
		ED78844C26DE5E7F006D8787 /* AppDelegate.swift in Sources */ = {isa = PBXBuildFile; fileRef = ED78844B26DE5E7F006D8787 /* AppDelegate.swift */; };
		ED78845026DE5E7F006D8787 /* ViewController.swift in Sources */ = {isa = PBXBuildFile; fileRef = ED78844F26DE5E7F006D8787 /* ViewController.swift */; };
		ED78845526DE5E81006D8787 /* Assets.xcassets in Resources */ = {isa = PBXBuildFile; fileRef = ED78845426DE5E81006D8787 /* Assets.xcassets */; };
		ED78845826DE5E81006D8787 /* LaunchScreen.storyboard in Resources */ = {isa = PBXBuildFile; fileRef = ED78845626DE5E81006D8787 /* LaunchScreen.storyboard */; };
		ED78846826DE6178006D8787 /* TabbarController.swift in Sources */ = {isa = PBXBuildFile; fileRef = ED78846726DE6178006D8787 /* TabbarController.swift */; };
		ED78846B26DE6206006D8787 /* HeaderNode.swift in Sources */ = {isa = PBXBuildFile; fileRef = ED78846A26DE6206006D8787 /* HeaderNode.swift */; };
		ED78846D26DE6E9D006D8787 /* ProfileCellNode.swift in Sources */ = {isa = PBXBuildFile; fileRef = ED78846C26DE6E9D006D8787 /* ProfileCellNode.swift */; };
		ED78846F26DE6ED7006D8787 /* Friend.swift in Sources */ = {isa = PBXBuildFile; fileRef = ED78846E26DE6ED7006D8787 /* Friend.swift */; };
		ED78847226DE75DF006D8787 /* MoreController.swift in Sources */ = {isa = PBXBuildFile; fileRef = ED78847126DE75DF006D8787 /* MoreController.swift */; };
		ED78847426DE7923006D8787 /* MoreCellNode.swift in Sources */ = {isa = PBXBuildFile; fileRef = ED78847326DE7923006D8787 /* MoreCellNode.swift */; };
		ED78847626DE8050006D8787 /* ProfileController.swift in Sources */ = {isa = PBXBuildFile; fileRef = ED78847526DE8050006D8787 /* ProfileController.swift */; };
		ED78847826DE85FD006D8787 /* ProfileMenuNode.swift in Sources */ = {isa = PBXBuildFile; fileRef = ED78847726DE85FD006D8787 /* ProfileMenuNode.swift */; };
		ED78847A26DE8628006D8787 /* MenuNode.swift in Sources */ = {isa = PBXBuildFile; fileRef = ED78847926DE8628006D8787 /* MenuNode.swift */; };
/* End PBXBuildFile section */

/* Begin PBXFileReference section */
		198EC06CCEC3277EC7F8C328 /* Pods_KakaoTalk_Example.framework */ = {isa = PBXFileReference; explicitFileType = wrapper.framework; includeInIndex = 0; path = Pods_KakaoTalk_Example.framework; sourceTree = BUILT_PRODUCTS_DIR; };
		4442CD044E4DCADE66DAD2BD /* Pods-KakaoTalk-Example.debug.xcconfig */ = {isa = PBXFileReference; includeInIndex = 1; lastKnownFileType = text.xcconfig; name = "Pods-KakaoTalk-Example.debug.xcconfig"; path = "Target Support Files/Pods-KakaoTalk-Example/Pods-KakaoTalk-Example.debug.xcconfig"; sourceTree = "<group>"; };
		96A99B9BA4BE3B89AC71F507 /* Pods-KakaoTalk-Example.release.xcconfig */ = {isa = PBXFileReference; includeInIndex = 1; lastKnownFileType = text.xcconfig; name = "Pods-KakaoTalk-Example.release.xcconfig"; path = "Target Support Files/Pods-KakaoTalk-Example/Pods-KakaoTalk-Example.release.xcconfig"; sourceTree = "<group>"; };
		ED78844826DE5E7F006D8787 /* KakaoTalk-Example.app */ = {isa = PBXFileReference; explicitFileType = wrapper.application; includeInIndex = 0; path = "KakaoTalk-Example.app"; sourceTree = BUILT_PRODUCTS_DIR; };
		ED78844B26DE5E7F006D8787 /* AppDelegate.swift */ = {isa = PBXFileReference; lastKnownFileType = sourcecode.swift; path = AppDelegate.swift; sourceTree = "<group>"; };
		ED78844F26DE5E7F006D8787 /* ViewController.swift */ = {isa = PBXFileReference; lastKnownFileType = sourcecode.swift; path = ViewController.swift; sourceTree = "<group>"; };
		ED78845426DE5E81006D8787 /* Assets.xcassets */ = {isa = PBXFileReference; lastKnownFileType = folder.assetcatalog; path = Assets.xcassets; sourceTree = "<group>"; };
		ED78845726DE5E81006D8787 /* Base */ = {isa = PBXFileReference; lastKnownFileType = file.storyboard; name = Base; path = Base.lproj/LaunchScreen.storyboard; sourceTree = "<group>"; };
		ED78845926DE5E81006D8787 /* Info.plist */ = {isa = PBXFileReference; lastKnownFileType = text.plist.xml; path = Info.plist; sourceTree = "<group>"; };
		ED78846726DE6178006D8787 /* TabbarController.swift */ = {isa = PBXFileReference; lastKnownFileType = sourcecode.swift; path = TabbarController.swift; sourceTree = "<group>"; };
		ED78846A26DE6206006D8787 /* HeaderNode.swift */ = {isa = PBXFileReference; lastKnownFileType = sourcecode.swift; path = HeaderNode.swift; sourceTree = "<group>"; };
		ED78846C26DE6E9D006D8787 /* ProfileCellNode.swift */ = {isa = PBXFileReference; lastKnownFileType = sourcecode.swift; path = ProfileCellNode.swift; sourceTree = "<group>"; };
		ED78846E26DE6ED7006D8787 /* Friend.swift */ = {isa = PBXFileReference; lastKnownFileType = sourcecode.swift; path = Friend.swift; sourceTree = "<group>"; };
		ED78847126DE75DF006D8787 /* MoreController.swift */ = {isa = PBXFileReference; lastKnownFileType = sourcecode.swift; path = MoreController.swift; sourceTree = "<group>"; };
		ED78847326DE7923006D8787 /* MoreCellNode.swift */ = {isa = PBXFileReference; lastKnownFileType = sourcecode.swift; path = MoreCellNode.swift; sourceTree = "<group>"; };
		ED78847526DE8050006D8787 /* ProfileController.swift */ = {isa = PBXFileReference; lastKnownFileType = sourcecode.swift; path = ProfileController.swift; sourceTree = "<group>"; };
		ED78847726DE85FD006D8787 /* ProfileMenuNode.swift */ = {isa = PBXFileReference; lastKnownFileType = sourcecode.swift; path = ProfileMenuNode.swift; sourceTree = "<group>"; };
		ED78847926DE8628006D8787 /* MenuNode.swift */ = {isa = PBXFileReference; lastKnownFileType = sourcecode.swift; path = MenuNode.swift; sourceTree = "<group>"; };
/* End PBXFileReference section */

/* Begin PBXFrameworksBuildPhase section */
		ED78844526DE5E7F006D8787 /* Frameworks */ = {
			isa = PBXFrameworksBuildPhase;
			buildActionMask = 2147483647;
			files = (
				AAF6E22EE22F747873BF009B /* Pods_KakaoTalk_Example.framework in Frameworks */,
			);
			runOnlyForDeploymentPostprocessing = 0;
		};
/* End PBXFrameworksBuildPhase section */

/* Begin PBXGroup section */
		1E19554E0971433B272AF210 /* Frameworks */ = {
			isa = PBXGroup;
			children = (
				198EC06CCEC3277EC7F8C328 /* Pods_KakaoTalk_Example.framework */,
			);
			name = Frameworks;
			sourceTree = "<group>";
		};
		CBBAAD9CF1A1CF77AC45819F /* Pods */ = {
			isa = PBXGroup;
			children = (
				4442CD044E4DCADE66DAD2BD /* Pods-KakaoTalk-Example.debug.xcconfig */,
				96A99B9BA4BE3B89AC71F507 /* Pods-KakaoTalk-Example.release.xcconfig */,
			);
			path = Pods;
			sourceTree = "<group>";
		};
		ED78843F26DE5E7F006D8787 = {
			isa = PBXGroup;
			children = (
				ED78844A26DE5E7F006D8787 /* KakaoTalk-Example */,
				ED78844926DE5E7F006D8787 /* Products */,
				CBBAAD9CF1A1CF77AC45819F /* Pods */,
				1E19554E0971433B272AF210 /* Frameworks */,
			);
			sourceTree = "<group>";
		};
		ED78844926DE5E7F006D8787 /* Products */ = {
			isa = PBXGroup;
			children = (
				ED78844826DE5E7F006D8787 /* KakaoTalk-Example.app */,
			);
			name = Products;
			sourceTree = "<group>";
		};
		ED78844A26DE5E7F006D8787 /* KakaoTalk-Example */ = {
			isa = PBXGroup;
			children = (
				ED78845F26DE5F64006D8787 /* Source */,
				ED78846026DE5F66006D8787 /* Resource */,
			);
			path = "KakaoTalk-Example";
			sourceTree = "<group>";
		};
		ED78845F26DE5F64006D8787 /* Source */ = {
			isa = PBXGroup;
			children = (
				ED78846426DE5F88006D8787 /* Models */,
				ED78846326DE5F81006D8787 /* Nodes */,
				ED78846226DE5F7E006D8787 /* Controllers */,
				ED78846126DE5F7A006D8787 /* Support */,
			);
			path = Source;
			sourceTree = "<group>";
		};
		ED78846026DE5F66006D8787 /* Resource */ = {
			isa = PBXGroup;
			children = (
				ED78845626DE5E81006D8787 /* LaunchScreen.storyboard */,
				ED78845926DE5E81006D8787 /* Info.plist */,
				ED78845426DE5E81006D8787 /* Assets.xcassets */,
			);
			path = Resource;
			sourceTree = "<group>";
		};
		ED78846126DE5F7A006D8787 /* Support */ = {
			isa = PBXGroup;
			children = (
				ED78844B26DE5E7F006D8787 /* AppDelegate.swift */,
			);
			path = Support;
			sourceTree = "<group>";
		};
		ED78846226DE5F7E006D8787 /* Controllers */ = {
			isa = PBXGroup;
			children = (
				ED78844F26DE5E7F006D8787 /* ViewController.swift */,
				ED78846726DE6178006D8787 /* TabbarController.swift */,
				ED78847126DE75DF006D8787 /* MoreController.swift */,
				ED78847526DE8050006D8787 /* ProfileController.swift */,
			);
			path = Controllers;
			sourceTree = "<group>";
		};
		ED78846326DE5F81006D8787 /* Nodes */ = {
			isa = PBXGroup;
			children = (
				ED78846526DE5F8F006D8787 /* CellNodes */,
				ED78847926DE8628006D8787 /* MenuNode.swift */,
				ED78846A26DE6206006D8787 /* HeaderNode.swift */,
				ED78847726DE85FD006D8787 /* ProfileMenuNode.swift */,
			);
			path = Nodes;
			sourceTree = "<group>";
		};
		ED78846426DE5F88006D8787 /* Models */ = {
			isa = PBXGroup;
			children = (
				ED78846E26DE6ED7006D8787 /* Friend.swift */,
			);
			path = Models;
			sourceTree = "<group>";
		};
		ED78846526DE5F8F006D8787 /* CellNodes */ = {
			isa = PBXGroup;
			children = (
				ED78846C26DE6E9D006D8787 /* ProfileCellNode.swift */,
				ED78847326DE7923006D8787 /* MoreCellNode.swift */,
			);
			path = CellNodes;
			sourceTree = "<group>";
		};
/* End PBXGroup section */

/* Begin PBXNativeTarget section */
		ED78844726DE5E7F006D8787 /* KakaoTalk-Example */ = {
			isa = PBXNativeTarget;
			buildConfigurationList = ED78845C26DE5E81006D8787 /* Build configuration list for PBXNativeTarget "KakaoTalk-Example" */;
			buildPhases = (
				82E1BD7DB89CB06C964371A0 /* [CP] Check Pods Manifest.lock */,
				ED78844426DE5E7F006D8787 /* Sources */,
				ED78844526DE5E7F006D8787 /* Frameworks */,
				ED78844626DE5E7F006D8787 /* Resources */,
				B1BB7E37C53877E437ABDBEC /* [CP] Embed Pods Frameworks */,
			);
			buildRules = (
			);
			dependencies = (
			);
			name = "KakaoTalk-Example";
			productName = "KakaoTalk-Example";
			productReference = ED78844826DE5E7F006D8787 /* KakaoTalk-Example.app */;
			productType = "com.apple.product-type.application";
		};
/* End PBXNativeTarget section */

/* Begin PBXProject section */
		ED78844026DE5E7F006D8787 /* Project object */ = {
			isa = PBXProject;
			attributes = {
				LastSwiftUpdateCheck = 1250;
				LastUpgradeCheck = 1250;
				TargetAttributes = {
					ED78844726DE5E7F006D8787 = {
						CreatedOnToolsVersion = 12.5.1;
					};
				};
			};
			buildConfigurationList = ED78844326DE5E7F006D8787 /* Build configuration list for PBXProject "KakaoTalk-Example" */;
			compatibilityVersion = "Xcode 9.3";
			developmentRegion = en;
			hasScannedForEncodings = 0;
			knownRegions = (
				en,
				Base,
			);
			mainGroup = ED78843F26DE5E7F006D8787;
			productRefGroup = ED78844926DE5E7F006D8787 /* Products */;
			projectDirPath = "";
			projectRoot = "";
			targets = (
				ED78844726DE5E7F006D8787 /* KakaoTalk-Example */,
			);
		};
/* End PBXProject section */

/* Begin PBXResourcesBuildPhase section */
		ED78844626DE5E7F006D8787 /* Resources */ = {
			isa = PBXResourcesBuildPhase;
			buildActionMask = 2147483647;
			files = (
				ED78845826DE5E81006D8787 /* LaunchScreen.storyboard in Resources */,
				ED78845526DE5E81006D8787 /* Assets.xcassets in Resources */,
			);
			runOnlyForDeploymentPostprocessing = 0;
		};
/* End PBXResourcesBuildPhase section */

/* Begin PBXShellScriptBuildPhase section */
		82E1BD7DB89CB06C964371A0 /* [CP] Check Pods Manifest.lock */ = {
			isa = PBXShellScriptBuildPhase;
			buildActionMask = 2147483647;
			files = (
			);
			inputFileListPaths = (
			);
			inputPaths = (
				"${PODS_PODFILE_DIR_PATH}/Podfile.lock",
				"${PODS_ROOT}/Manifest.lock",
			);
			name = "[CP] Check Pods Manifest.lock";
			outputFileListPaths = (
			);
			outputPaths = (
				"$(DERIVED_FILE_DIR)/Pods-KakaoTalk-Example-checkManifestLockResult.txt",
			);
			runOnlyForDeploymentPostprocessing = 0;
			shellPath = /bin/sh;
			shellScript = "diff \"${PODS_PODFILE_DIR_PATH}/Podfile.lock\" \"${PODS_ROOT}/Manifest.lock\" > /dev/null\nif [ $? != 0 ] ; then\n    # print error to STDERR\n    echo \"error: The sandbox is not in sync with the Podfile.lock. Run 'pod install' or update your CocoaPods installation.\" >&2\n    exit 1\nfi\n# This output is used by Xcode 'outputs' to avoid re-running this script phase.\necho \"SUCCESS\" > \"${SCRIPT_OUTPUT_FILE_0}\"\n";
			showEnvVarsInLog = 0;
		};
		B1BB7E37C53877E437ABDBEC /* [CP] Embed Pods Frameworks */ = {
			isa = PBXShellScriptBuildPhase;
			buildActionMask = 2147483647;
			files = (
			);
			inputFileListPaths = (
				"${PODS_ROOT}/Target Support Files/Pods-KakaoTalk-Example/Pods-KakaoTalk-Example-frameworks-${CONFIGURATION}-input-files.xcfilelist",
			);
			name = "[CP] Embed Pods Frameworks";
			outputFileListPaths = (
				"${PODS_ROOT}/Target Support Files/Pods-KakaoTalk-Example/Pods-KakaoTalk-Example-frameworks-${CONFIGURATION}-output-files.xcfilelist",
			);
			runOnlyForDeploymentPostprocessing = 0;
			shellPath = /bin/sh;
			shellScript = "\"${PODS_ROOT}/Target Support Files/Pods-KakaoTalk-Example/Pods-KakaoTalk-Example-frameworks.sh\"\n";
			showEnvVarsInLog = 0;
		};
/* End PBXShellScriptBuildPhase section */

/* Begin PBXSourcesBuildPhase section */
		ED78844426DE5E7F006D8787 /* Sources */ = {
			isa = PBXSourcesBuildPhase;
			buildActionMask = 2147483647;
			files = (
				ED78845026DE5E7F006D8787 /* ViewController.swift in Sources */,
				ED78846D26DE6E9D006D8787 /* ProfileCellNode.swift in Sources */,
				ED78847226DE75DF006D8787 /* MoreController.swift in Sources */,
				ED78846B26DE6206006D8787 /* HeaderNode.swift in Sources */,
				ED78846F26DE6ED7006D8787 /* Friend.swift in Sources */,
				ED78847626DE8050006D8787 /* ProfileController.swift in Sources */,
				ED78846826DE6178006D8787 /* TabbarController.swift in Sources */,
				ED78847426DE7923006D8787 /* MoreCellNode.swift in Sources */,
				ED78847826DE85FD006D8787 /* ProfileMenuNode.swift in Sources */,
				ED78847A26DE8628006D8787 /* MenuNode.swift in Sources */,
				ED78844C26DE5E7F006D8787 /* AppDelegate.swift in Sources */,
			);
			runOnlyForDeploymentPostprocessing = 0;
		};
/* End PBXSourcesBuildPhase section */

/* Begin PBXVariantGroup section */
		ED78845626DE5E81006D8787 /* LaunchScreen.storyboard */ = {
			isa = PBXVariantGroup;
			children = (
				ED78845726DE5E81006D8787 /* Base */,
			);
			name = LaunchScreen.storyboard;
			sourceTree = "<group>";
		};
/* End PBXVariantGroup section */

/* Begin XCBuildConfiguration section */
		ED78845A26DE5E81006D8787 /* Debug */ = {
			isa = XCBuildConfiguration;
			buildSettings = {
				ALWAYS_SEARCH_USER_PATHS = NO;
				CLANG_ANALYZER_NONNULL = YES;
				CLANG_ANALYZER_NUMBER_OBJECT_CONVERSION = YES_AGGRESSIVE;
				CLANG_CXX_LANGUAGE_STANDARD = "gnu++14";
				CLANG_CXX_LIBRARY = "libc++";
				CLANG_ENABLE_MODULES = YES;
				CLANG_ENABLE_OBJC_ARC = YES;
				CLANG_ENABLE_OBJC_WEAK = YES;
				CLANG_WARN_BLOCK_CAPTURE_AUTORELEASING = YES;
				CLANG_WARN_BOOL_CONVERSION = YES;
				CLANG_WARN_COMMA = YES;
				CLANG_WARN_CONSTANT_CONVERSION = YES;
				CLANG_WARN_DEPRECATED_OBJC_IMPLEMENTATIONS = YES;
				CLANG_WARN_DIRECT_OBJC_ISA_USAGE = YES_ERROR;
				CLANG_WARN_DOCUMENTATION_COMMENTS = YES;
				CLANG_WARN_EMPTY_BODY = YES;
				CLANG_WARN_ENUM_CONVERSION = YES;
				CLANG_WARN_INFINITE_RECURSION = YES;
				CLANG_WARN_INT_CONVERSION = YES;
				CLANG_WARN_NON_LITERAL_NULL_CONVERSION = YES;
				CLANG_WARN_OBJC_IMPLICIT_RETAIN_SELF = YES;
				CLANG_WARN_OBJC_LITERAL_CONVERSION = YES;
				CLANG_WARN_OBJC_ROOT_CLASS = YES_ERROR;
				CLANG_WARN_QUOTED_INCLUDE_IN_FRAMEWORK_HEADER = YES;
				CLANG_WARN_RANGE_LOOP_ANALYSIS = YES;
				CLANG_WARN_STRICT_PROTOTYPES = YES;
				CLANG_WARN_SUSPICIOUS_MOVE = YES;
				CLANG_WARN_UNGUARDED_AVAILABILITY = YES_AGGRESSIVE;
				CLANG_WARN_UNREACHABLE_CODE = YES;
				CLANG_WARN__DUPLICATE_METHOD_MATCH = YES;
				COPY_PHASE_STRIP = NO;
				DEBUG_INFORMATION_FORMAT = dwarf;
				ENABLE_STRICT_OBJC_MSGSEND = YES;
				ENABLE_TESTABILITY = YES;
				GCC_C_LANGUAGE_STANDARD = gnu11;
				GCC_DYNAMIC_NO_PIC = NO;
				GCC_NO_COMMON_BLOCKS = YES;
				GCC_OPTIMIZATION_LEVEL = 0;
				GCC_PREPROCESSOR_DEFINITIONS = (
					"DEBUG=1",
					"$(inherited)",
				);
				GCC_WARN_64_TO_32_BIT_CONVERSION = YES;
				GCC_WARN_ABOUT_RETURN_TYPE = YES_ERROR;
				GCC_WARN_UNDECLARED_SELECTOR = YES;
				GCC_WARN_UNINITIALIZED_AUTOS = YES_AGGRESSIVE;
				GCC_WARN_UNUSED_FUNCTION = YES;
				GCC_WARN_UNUSED_VARIABLE = YES;
				IPHONEOS_DEPLOYMENT_TARGET = 14.5;
				MTL_ENABLE_DEBUG_INFO = INCLUDE_SOURCE;
				MTL_FAST_MATH = YES;
				ONLY_ACTIVE_ARCH = YES;
				SDKROOT = iphoneos;
				SWIFT_ACTIVE_COMPILATION_CONDITIONS = DEBUG;
				SWIFT_OPTIMIZATION_LEVEL = "-Onone";
			};
			name = Debug;
		};
		ED78845B26DE5E81006D8787 /* Release */ = {
			isa = XCBuildConfiguration;
			buildSettings = {
				ALWAYS_SEARCH_USER_PATHS = NO;
				CLANG_ANALYZER_NONNULL = YES;
				CLANG_ANALYZER_NUMBER_OBJECT_CONVERSION = YES_AGGRESSIVE;
				CLANG_CXX_LANGUAGE_STANDARD = "gnu++14";
				CLANG_CXX_LIBRARY = "libc++";
				CLANG_ENABLE_MODULES = YES;
				CLANG_ENABLE_OBJC_ARC = YES;
				CLANG_ENABLE_OBJC_WEAK = YES;
				CLANG_WARN_BLOCK_CAPTURE_AUTORELEASING = YES;
				CLANG_WARN_BOOL_CONVERSION = YES;
				CLANG_WARN_COMMA = YES;
				CLANG_WARN_CONSTANT_CONVERSION = YES;
				CLANG_WARN_DEPRECATED_OBJC_IMPLEMENTATIONS = YES;
				CLANG_WARN_DIRECT_OBJC_ISA_USAGE = YES_ERROR;
				CLANG_WARN_DOCUMENTATION_COMMENTS = YES;
				CLANG_WARN_EMPTY_BODY = YES;
				CLANG_WARN_ENUM_CONVERSION = YES;
				CLANG_WARN_INFINITE_RECURSION = YES;
				CLANG_WARN_INT_CONVERSION = YES;
				CLANG_WARN_NON_LITERAL_NULL_CONVERSION = YES;
				CLANG_WARN_OBJC_IMPLICIT_RETAIN_SELF = YES;
				CLANG_WARN_OBJC_LITERAL_CONVERSION = YES;
				CLANG_WARN_OBJC_ROOT_CLASS = YES_ERROR;
				CLANG_WARN_QUOTED_INCLUDE_IN_FRAMEWORK_HEADER = YES;
				CLANG_WARN_RANGE_LOOP_ANALYSIS = YES;
				CLANG_WARN_STRICT_PROTOTYPES = YES;
				CLANG_WARN_SUSPICIOUS_MOVE = YES;
				CLANG_WARN_UNGUARDED_AVAILABILITY = YES_AGGRESSIVE;
				CLANG_WARN_UNREACHABLE_CODE = YES;
				CLANG_WARN__DUPLICATE_METHOD_MATCH = YES;
				COPY_PHASE_STRIP = NO;
				DEBUG_INFORMATION_FORMAT = "dwarf-with-dsym";
				ENABLE_NS_ASSERTIONS = NO;
				ENABLE_STRICT_OBJC_MSGSEND = YES;
				GCC_C_LANGUAGE_STANDARD = gnu11;
				GCC_NO_COMMON_BLOCKS = YES;
				GCC_WARN_64_TO_32_BIT_CONVERSION = YES;
				GCC_WARN_ABOUT_RETURN_TYPE = YES_ERROR;
				GCC_WARN_UNDECLARED_SELECTOR = YES;
				GCC_WARN_UNINITIALIZED_AUTOS = YES_AGGRESSIVE;
				GCC_WARN_UNUSED_FUNCTION = YES;
				GCC_WARN_UNUSED_VARIABLE = YES;
				IPHONEOS_DEPLOYMENT_TARGET = 14.5;
				MTL_ENABLE_DEBUG_INFO = NO;
				MTL_FAST_MATH = YES;
				SDKROOT = iphoneos;
				SWIFT_COMPILATION_MODE = wholemodule;
				SWIFT_OPTIMIZATION_LEVEL = "-O";
				VALIDATE_PRODUCT = YES;
			};
			name = Release;
		};
		ED78845D26DE5E81006D8787 /* Debug */ = {
			isa = XCBuildConfiguration;
			baseConfigurationReference = 4442CD044E4DCADE66DAD2BD /* Pods-KakaoTalk-Example.debug.xcconfig */;
			buildSettings = {
				ASSETCATALOG_COMPILER_APPICON_NAME = AppIcon;
				ASSETCATALOG_COMPILER_GLOBAL_ACCENT_COLOR_NAME = AccentColor;
				CODE_SIGN_STYLE = Automatic;
				INFOPLIST_FILE = "KakaoTalk-Example/Resource/Info.plist";
				LD_RUNPATH_SEARCH_PATHS = (
					"$(inherited)",
					"@executable_path/Frameworks",
				);
				PRODUCT_BUNDLE_IDENTIFIER = "com.tiekle.KakaoTalk-Example";
				PRODUCT_NAME = "$(TARGET_NAME)";
				SWIFT_VERSION = 5.0;
				TARGETED_DEVICE_FAMILY = "1,2";
			};
			name = Debug;
		};
		ED78845E26DE5E81006D8787 /* Release */ = {
			isa = XCBuildConfiguration;
			baseConfigurationReference = 96A99B9BA4BE3B89AC71F507 /* Pods-KakaoTalk-Example.release.xcconfig */;
			buildSettings = {
				ASSETCATALOG_COMPILER_APPICON_NAME = AppIcon;
				ASSETCATALOG_COMPILER_GLOBAL_ACCENT_COLOR_NAME = AccentColor;
				CODE_SIGN_STYLE = Automatic;
				INFOPLIST_FILE = "KakaoTalk-Example/Resource/Info.plist";
				LD_RUNPATH_SEARCH_PATHS = (
					"$(inherited)",
					"@executable_path/Frameworks",
				);
				PRODUCT_BUNDLE_IDENTIFIER = "com.tiekle.KakaoTalk-Example";
				PRODUCT_NAME = "$(TARGET_NAME)";
				SWIFT_VERSION = 5.0;
				TARGETED_DEVICE_FAMILY = "1,2";
			};
			name = Release;
		};
/* End XCBuildConfiguration section */

/* Begin XCConfigurationList section */
		ED78844326DE5E7F006D8787 /* Build configuration list for PBXProject "KakaoTalk-Example" */ = {
			isa = XCConfigurationList;
			buildConfigurations = (
				ED78845A26DE5E81006D8787 /* Debug */,
				ED78845B26DE5E81006D8787 /* Release */,
			);
			defaultConfigurationIsVisible = 0;
			defaultConfigurationName = Release;
		};
		ED78845C26DE5E81006D8787 /* Build configuration list for PBXNativeTarget "KakaoTalk-Example" */ = {
			isa = XCConfigurationList;
			buildConfigurations = (
				ED78845D26DE5E81006D8787 /* Debug */,
				ED78845E26DE5E81006D8787 /* Release */,
			);
			defaultConfigurationIsVisible = 0;
			defaultConfigurationName = Release;
		};
/* End XCConfigurationList section */
	};
	rootObject = ED78844026DE5E7F006D8787 /* Project object */;
}
