// !$*UTF8*$!
{
	archiveVersion = 1;
	classes = {
	};
	objectVersion = 51;
	objects = {

/* Begin PBXBuildFile section */
		4EEEE1D4E3A0FC018DAFDB1F /* Pods_Login_Example.framework in Frameworks */ = {isa = PBXBuildFile; fileRef = 8D84EBB89ABAC899B76C8307 /* Pods_Login_Example.framework */; };
		EDB91DCB26C3B8A800F4562D /* AppDelegate.swift in Sources */ = {isa = PBXBuildFile; fileRef = EDB91DCA26C3B8A800F4562D /* AppDelegate.swift */; };
		EDB91DCF26C3B8A800F4562D /* ViewController.swift in Sources */ = {isa = PBXBuildFile; fileRef = EDB91DCE26C3B8A800F4562D /* ViewController.swift */; };
		EDB91DD426C3B8AA00F4562D /* Assets.xcassets in Resources */ = {isa = PBXBuildFile; fileRef = EDB91DD326C3B8AA00F4562D /* Assets.xcassets */; };
		EDB91DD726C3B8AA00F4562D /* LaunchScreen.storyboard in Resources */ = {isa = PBXBuildFile; fileRef = EDB91DD526C3B8AA00F4562D /* LaunchScreen.storyboard */; };
		EDB91DE526C3C41C00F4562D /* LoginNode.swift in Sources */ = {isa = PBXBuildFile; fileRef = EDB91DE426C3C41C00F4562D /* LoginNode.swift */; };
		EDC00D6C26CD349B0075092B /* ASButtonNode+.swift in Sources */ = {isa = PBXBuildFile; fileRef = EDC00D6B26CD349B0075092B /* ASButtonNode+.swift */; };
/* End PBXBuildFile section */

/* Begin PBXFileReference section */
		07A16A19F9306DB57FAA72E4 /* Pods-Login-Example.debug.xcconfig */ = {isa = PBXFileReference; includeInIndex = 1; lastKnownFileType = text.xcconfig; name = "Pods-Login-Example.debug.xcconfig"; path = "Target Support Files/Pods-Login-Example/Pods-Login-Example.debug.xcconfig"; sourceTree = "<group>"; };
		8D84EBB89ABAC899B76C8307 /* Pods_Login_Example.framework */ = {isa = PBXFileReference; explicitFileType = wrapper.framework; includeInIndex = 0; path = Pods_Login_Example.framework; sourceTree = BUILT_PRODUCTS_DIR; };
		91C1A501F12E575CAF032439 /* Pods-Login-Example.release.xcconfig */ = {isa = PBXFileReference; includeInIndex = 1; lastKnownFileType = text.xcconfig; name = "Pods-Login-Example.release.xcconfig"; path = "Target Support Files/Pods-Login-Example/Pods-Login-Example.release.xcconfig"; sourceTree = "<group>"; };
		EDB91DC726C3B8A800F4562D /* Login-Example.app */ = {isa = PBXFileReference; explicitFileType = wrapper.application; includeInIndex = 0; path = "Login-Example.app"; sourceTree = BUILT_PRODUCTS_DIR; };
		EDB91DCA26C3B8A800F4562D /* AppDelegate.swift */ = {isa = PBXFileReference; lastKnownFileType = sourcecode.swift; path = AppDelegate.swift; sourceTree = "<group>"; };
		EDB91DCE26C3B8A800F4562D /* ViewController.swift */ = {isa = PBXFileReference; lastKnownFileType = sourcecode.swift; path = ViewController.swift; sourceTree = "<group>"; };
		EDB91DD326C3B8AA00F4562D /* Assets.xcassets */ = {isa = PBXFileReference; lastKnownFileType = folder.assetcatalog; path = Assets.xcassets; sourceTree = "<group>"; };
		EDB91DD626C3B8AA00F4562D /* Base */ = {isa = PBXFileReference; lastKnownFileType = file.storyboard; name = Base; path = Base.lproj/LaunchScreen.storyboard; sourceTree = "<group>"; };
		EDB91DD826C3B8AA00F4562D /* Info.plist */ = {isa = PBXFileReference; lastKnownFileType = text.plist.xml; path = Info.plist; sourceTree = "<group>"; };
		EDB91DE426C3C41C00F4562D /* LoginNode.swift */ = {isa = PBXFileReference; lastKnownFileType = sourcecode.swift; path = LoginNode.swift; sourceTree = "<group>"; };
		EDC00D6B26CD349B0075092B /* ASButtonNode+.swift */ = {isa = PBXFileReference; lastKnownFileType = sourcecode.swift; path = "ASButtonNode+.swift"; sourceTree = "<group>"; };
/* End PBXFileReference section */

/* Begin PBXFrameworksBuildPhase section */
		EDB91DC426C3B8A800F4562D /* Frameworks */ = {
			isa = PBXFrameworksBuildPhase;
			buildActionMask = 2147483647;
			files = (
				4EEEE1D4E3A0FC018DAFDB1F /* Pods_Login_Example.framework in Frameworks */,
			);
			runOnlyForDeploymentPostprocessing = 0;
		};
/* End PBXFrameworksBuildPhase section */

/* Begin PBXGroup section */
		88F3F8DEB9D9F8ABA1263E9B /* Pods */ = {
			isa = PBXGroup;
			children = (
				07A16A19F9306DB57FAA72E4 /* Pods-Login-Example.debug.xcconfig */,
				91C1A501F12E575CAF032439 /* Pods-Login-Example.release.xcconfig */,
			);
			path = Pods;
			sourceTree = "<group>";
		};
		8A159F8CACBFBF841AFAD7E4 /* Frameworks */ = {
			isa = PBXGroup;
			children = (
				8D84EBB89ABAC899B76C8307 /* Pods_Login_Example.framework */,
			);
			name = Frameworks;
			sourceTree = "<group>";
		};
		EDB91DBE26C3B8A800F4562D = {
			isa = PBXGroup;
			children = (
				EDB91DC926C3B8A800F4562D /* Login-Example */,
				EDB91DC826C3B8A800F4562D /* Products */,
				88F3F8DEB9D9F8ABA1263E9B /* Pods */,
				8A159F8CACBFBF841AFAD7E4 /* Frameworks */,
			);
			sourceTree = "<group>";
		};
		EDB91DC826C3B8A800F4562D /* Products */ = {
			isa = PBXGroup;
			children = (
				EDB91DC726C3B8A800F4562D /* Login-Example.app */,
			);
			name = Products;
			sourceTree = "<group>";
		};
		EDB91DC926C3B8A800F4562D /* Login-Example */ = {
			isa = PBXGroup;
			children = (
				EDB91DDF26C3B8B800F4562D /* Sources */,
				EDB91DDE26C3B8B300F4562D /* Resources */,
			);
			path = "Login-Example";
			sourceTree = "<group>";
		};
		EDB91DDE26C3B8B300F4562D /* Resources */ = {
			isa = PBXGroup;
			children = (
				EDB91DD326C3B8AA00F4562D /* Assets.xcassets */,
				EDB91DD526C3B8AA00F4562D /* LaunchScreen.storyboard */,
				EDB91DD826C3B8AA00F4562D /* Info.plist */,
			);
			path = Resources;
			sourceTree = "<group>";
		};
		EDB91DDF26C3B8B800F4562D /* Sources */ = {
			isa = PBXGroup;
			children = (
				EDC00D6A26CD348A0075092B /* Extension */,
				EDB91DE226C3B8C700F4562D /* Node */,
				EDB91DE126C3B8C200F4562D /* ViewController */,
				EDB91DE026C3B8BB00F4562D /* Support */,
			);
			path = Sources;
			sourceTree = "<group>";
		};
		EDB91DE026C3B8BB00F4562D /* Support */ = {
			isa = PBXGroup;
			children = (
				EDB91DCA26C3B8A800F4562D /* AppDelegate.swift */,
			);
			path = Support;
			sourceTree = "<group>";
		};
		EDB91DE126C3B8C200F4562D /* ViewController */ = {
			isa = PBXGroup;
			children = (
				EDB91DCE26C3B8A800F4562D /* ViewController.swift */,
			);
			path = ViewController;
			sourceTree = "<group>";
		};
		EDB91DE226C3B8C700F4562D /* Node */ = {
			isa = PBXGroup;
			children = (
				EDB91DE426C3C41C00F4562D /* LoginNode.swift */,
			);
			path = Node;
			sourceTree = "<group>";
		};
		EDC00D6A26CD348A0075092B /* Extension */ = {
			isa = PBXGroup;
			children = (
				EDC00D6B26CD349B0075092B /* ASButtonNode+.swift */,
			);
			path = Extension;
			sourceTree = "<group>";
		};
/* End PBXGroup section */

/* Begin PBXNativeTarget section */
		EDB91DC626C3B8A800F4562D /* Login-Example */ = {
			isa = PBXNativeTarget;
			buildConfigurationList = EDB91DDB26C3B8AA00F4562D /* Build configuration list for PBXNativeTarget "Login-Example" */;
			buildPhases = (
				E686B8B36860C37EDA38301C /* [CP] Check Pods Manifest.lock */,
				EDB91DC326C3B8A800F4562D /* Sources */,
				EDB91DC426C3B8A800F4562D /* Frameworks */,
				EDB91DC526C3B8A800F4562D /* Resources */,
				B931B867E244F6FBE1734AD0 /* [CP] Embed Pods Frameworks */,
			);
			buildRules = (
			);
			dependencies = (
			);
			name = "Login-Example";
			productName = "Login-Example";
			productReference = EDB91DC726C3B8A800F4562D /* Login-Example.app */;
			productType = "com.apple.product-type.application";
		};
/* End PBXNativeTarget section */

/* Begin PBXProject section */
		EDB91DBF26C3B8A800F4562D /* Project object */ = {
			isa = PBXProject;
			attributes = {
				LastSwiftUpdateCheck = 1250;
				LastUpgradeCheck = 1250;
				TargetAttributes = {
					EDB91DC626C3B8A800F4562D = {
						CreatedOnToolsVersion = 12.5.1;
					};
				};
			};
			buildConfigurationList = EDB91DC226C3B8A800F4562D /* Build configuration list for PBXProject "Login-Example" */;
			compatibilityVersion = "Xcode 9.3";
			developmentRegion = en;
			hasScannedForEncodings = 0;
			knownRegions = (
				en,
				Base,
			);
			mainGroup = EDB91DBE26C3B8A800F4562D;
			productRefGroup = EDB91DC826C3B8A800F4562D /* Products */;
			projectDirPath = "";
			projectRoot = "";
			targets = (
				EDB91DC626C3B8A800F4562D /* Login-Example */,
			);
		};
/* End PBXProject section */

/* Begin PBXResourcesBuildPhase section */
		EDB91DC526C3B8A800F4562D /* Resources */ = {
			isa = PBXResourcesBuildPhase;
			buildActionMask = 2147483647;
			files = (
				EDB91DD726C3B8AA00F4562D /* LaunchScreen.storyboard in Resources */,
				EDB91DD426C3B8AA00F4562D /* Assets.xcassets in Resources */,
			);
			runOnlyForDeploymentPostprocessing = 0;
		};
/* End PBXResourcesBuildPhase section */

/* Begin PBXShellScriptBuildPhase section */
		B931B867E244F6FBE1734AD0 /* [CP] Embed Pods Frameworks */ = {
			isa = PBXShellScriptBuildPhase;
			buildActionMask = 2147483647;
			files = (
			);
			inputFileListPaths = (
				"${PODS_ROOT}/Target Support Files/Pods-Login-Example/Pods-Login-Example-frameworks-${CONFIGURATION}-input-files.xcfilelist",
			);
			name = "[CP] Embed Pods Frameworks";
			outputFileListPaths = (
				"${PODS_ROOT}/Target Support Files/Pods-Login-Example/Pods-Login-Example-frameworks-${CONFIGURATION}-output-files.xcfilelist",
			);
			runOnlyForDeploymentPostprocessing = 0;
			shellPath = /bin/sh;
			shellScript = "\"${PODS_ROOT}/Target Support Files/Pods-Login-Example/Pods-Login-Example-frameworks.sh\"\n";
			showEnvVarsInLog = 0;
		};
		E686B8B36860C37EDA38301C /* [CP] Check Pods Manifest.lock */ = {
			isa = PBXShellScriptBuildPhase;
			buildActionMask = 2147483647;
			files = (
			);
			inputFileListPaths = (
			);
			inputPaths = (
				"${PODS_PODFILE_DIR_PATH}/Podfile.lock",
				"${PODS_ROOT}/Manifest.lock",
			);
			name = "[CP] Check Pods Manifest.lock";
			outputFileListPaths = (
			);
			outputPaths = (
				"$(DERIVED_FILE_DIR)/Pods-Login-Example-checkManifestLockResult.txt",
			);
			runOnlyForDeploymentPostprocessing = 0;
			shellPath = /bin/sh;
			shellScript = "diff \"${PODS_PODFILE_DIR_PATH}/Podfile.lock\" \"${PODS_ROOT}/Manifest.lock\" > /dev/null\nif [ $? != 0 ] ; then\n    # print error to STDERR\n    echo \"error: The sandbox is not in sync with the Podfile.lock. Run 'pod install' or update your CocoaPods installation.\" >&2\n    exit 1\nfi\n# This output is used by Xcode 'outputs' to avoid re-running this script phase.\necho \"SUCCESS\" > \"${SCRIPT_OUTPUT_FILE_0}\"\n";
			showEnvVarsInLog = 0;
		};
/* End PBXShellScriptBuildPhase section */

/* Begin PBXSourcesBuildPhase section */
		EDB91DC326C3B8A800F4562D /* Sources */ = {
			isa = PBXSourcesBuildPhase;
			buildActionMask = 2147483647;
			files = (
				EDB91DE526C3C41C00F4562D /* LoginNode.swift in Sources */,
				EDB91DCF26C3B8A800F4562D /* ViewController.swift in Sources */,
				EDB91DCB26C3B8A800F4562D /* AppDelegate.swift in Sources */,
				EDC00D6C26CD349B0075092B /* ASButtonNode+.swift in Sources */,
			);
			runOnlyForDeploymentPostprocessing = 0;
		};
/* End PBXSourcesBuildPhase section */

/* Begin PBXVariantGroup section */
		EDB91DD526C3B8AA00F4562D /* LaunchScreen.storyboard */ = {
			isa = PBXVariantGroup;
			children = (
				EDB91DD626C3B8AA00F4562D /* Base */,
			);
			name = LaunchScreen.storyboard;
			sourceTree = "<group>";
		};
/* End PBXVariantGroup section */

/* Begin XCBuildConfiguration section */
		EDB91DD926C3B8AA00F4562D /* Debug */ = {
			isa = XCBuildConfiguration;
			buildSettings = {
				ALWAYS_SEARCH_USER_PATHS = NO;
				CLANG_ANALYZER_NONNULL = YES;
				CLANG_ANALYZER_NUMBER_OBJECT_CONVERSION = YES_AGGRESSIVE;
				CLANG_CXX_LANGUAGE_STANDARD = "gnu++14";
				CLANG_CXX_LIBRARY = "libc++";
				CLANG_ENABLE_MODULES = YES;
				CLANG_ENABLE_OBJC_ARC = YES;
				CLANG_ENABLE_OBJC_WEAK = YES;
				CLANG_WARN_BLOCK_CAPTURE_AUTORELEASING = YES;
				CLANG_WARN_BOOL_CONVERSION = YES;
				CLANG_WARN_COMMA = YES;
				CLANG_WARN_CONSTANT_CONVERSION = YES;
				CLANG_WARN_DEPRECATED_OBJC_IMPLEMENTATIONS = YES;
				CLANG_WARN_DIRECT_OBJC_ISA_USAGE = YES_ERROR;
				CLANG_WARN_DOCUMENTATION_COMMENTS = YES;
				CLANG_WARN_EMPTY_BODY = YES;
				CLANG_WARN_ENUM_CONVERSION = YES;
				CLANG_WARN_INFINITE_RECURSION = YES;
				CLANG_WARN_INT_CONVERSION = YES;
				CLANG_WARN_NON_LITERAL_NULL_CONVERSION = YES;
				CLANG_WARN_OBJC_IMPLICIT_RETAIN_SELF = YES;
				CLANG_WARN_OBJC_LITERAL_CONVERSION = YES;
				CLANG_WARN_OBJC_ROOT_CLASS = YES_ERROR;
				CLANG_WARN_QUOTED_INCLUDE_IN_FRAMEWORK_HEADER = YES;
				CLANG_WARN_RANGE_LOOP_ANALYSIS = YES;
				CLANG_WARN_STRICT_PROTOTYPES = YES;
				CLANG_WARN_SUSPICIOUS_MOVE = YES;
				CLANG_WARN_UNGUARDED_AVAILABILITY = YES_AGGRESSIVE;
				CLANG_WARN_UNREACHABLE_CODE = YES;
				CLANG_WARN__DUPLICATE_METHOD_MATCH = YES;
				COPY_PHASE_STRIP = NO;
				DEBUG_INFORMATION_FORMAT = dwarf;
				ENABLE_STRICT_OBJC_MSGSEND = YES;
				ENABLE_TESTABILITY = YES;
				GCC_C_LANGUAGE_STANDARD = gnu11;
				GCC_DYNAMIC_NO_PIC = NO;
				GCC_NO_COMMON_BLOCKS = YES;
				GCC_OPTIMIZATION_LEVEL = 0;
				GCC_PREPROCESSOR_DEFINITIONS = (
					"DEBUG=1",
					"$(inherited)",
				);
				GCC_WARN_64_TO_32_BIT_CONVERSION = YES;
				GCC_WARN_ABOUT_RETURN_TYPE = YES_ERROR;
				GCC_WARN_UNDECLARED_SELECTOR = YES;
				GCC_WARN_UNINITIALIZED_AUTOS = YES_AGGRESSIVE;
				GCC_WARN_UNUSED_FUNCTION = YES;
				GCC_WARN_UNUSED_VARIABLE = YES;
				IPHONEOS_DEPLOYMENT_TARGET = 14.5;
				MTL_ENABLE_DEBUG_INFO = INCLUDE_SOURCE;
				MTL_FAST_MATH = YES;
				ONLY_ACTIVE_ARCH = YES;
				SDKROOT = iphoneos;
				SWIFT_ACTIVE_COMPILATION_CONDITIONS = DEBUG;
				SWIFT_OPTIMIZATION_LEVEL = "-Onone";
			};
			name = Debug;
		};
		EDB91DDA26C3B8AA00F4562D /* Release */ = {
			isa = XCBuildConfiguration;
			buildSettings = {
				ALWAYS_SEARCH_USER_PATHS = NO;
				CLANG_ANALYZER_NONNULL = YES;
				CLANG_ANALYZER_NUMBER_OBJECT_CONVERSION = YES_AGGRESSIVE;
				CLANG_CXX_LANGUAGE_STANDARD = "gnu++14";
				CLANG_CXX_LIBRARY = "libc++";
				CLANG_ENABLE_MODULES = YES;
				CLANG_ENABLE_OBJC_ARC = YES;
				CLANG_ENABLE_OBJC_WEAK = YES;
				CLANG_WARN_BLOCK_CAPTURE_AUTORELEASING = YES;
				CLANG_WARN_BOOL_CONVERSION = YES;
				CLANG_WARN_COMMA = YES;
				CLANG_WARN_CONSTANT_CONVERSION = YES;
				CLANG_WARN_DEPRECATED_OBJC_IMPLEMENTATIONS = YES;
				CLANG_WARN_DIRECT_OBJC_ISA_USAGE = YES_ERROR;
				CLANG_WARN_DOCUMENTATION_COMMENTS = YES;
				CLANG_WARN_EMPTY_BODY = YES;
				CLANG_WARN_ENUM_CONVERSION = YES;
				CLANG_WARN_INFINITE_RECURSION = YES;
				CLANG_WARN_INT_CONVERSION = YES;
				CLANG_WARN_NON_LITERAL_NULL_CONVERSION = YES;
				CLANG_WARN_OBJC_IMPLICIT_RETAIN_SELF = YES;
				CLANG_WARN_OBJC_LITERAL_CONVERSION = YES;
				CLANG_WARN_OBJC_ROOT_CLASS = YES_ERROR;
				CLANG_WARN_QUOTED_INCLUDE_IN_FRAMEWORK_HEADER = YES;
				CLANG_WARN_RANGE_LOOP_ANALYSIS = YES;
				CLANG_WARN_STRICT_PROTOTYPES = YES;
				CLANG_WARN_SUSPICIOUS_MOVE = YES;
				CLANG_WARN_UNGUARDED_AVAILABILITY = YES_AGGRESSIVE;
				CLANG_WARN_UNREACHABLE_CODE = YES;
				CLANG_WARN__DUPLICATE_METHOD_MATCH = YES;
				COPY_PHASE_STRIP = NO;
				DEBUG_INFORMATION_FORMAT = "dwarf-with-dsym";
				ENABLE_NS_ASSERTIONS = NO;
				ENABLE_STRICT_OBJC_MSGSEND = YES;
				GCC_C_LANGUAGE_STANDARD = gnu11;
				GCC_NO_COMMON_BLOCKS = YES;
				GCC_WARN_64_TO_32_BIT_CONVERSION = YES;
				GCC_WARN_ABOUT_RETURN_TYPE = YES_ERROR;
				GCC_WARN_UNDECLARED_SELECTOR = YES;
				GCC_WARN_UNINITIALIZED_AUTOS = YES_AGGRESSIVE;
				GCC_WARN_UNUSED_FUNCTION = YES;
				GCC_WARN_UNUSED_VARIABLE = YES;
				IPHONEOS_DEPLOYMENT_TARGET = 14.5;
				MTL_ENABLE_DEBUG_INFO = NO;
				MTL_FAST_MATH = YES;
				SDKROOT = iphoneos;
				SWIFT_COMPILATION_MODE = wholemodule;
				SWIFT_OPTIMIZATION_LEVEL = "-O";
				VALIDATE_PRODUCT = YES;
			};
			name = Release;
		};
		EDB91DDC26C3B8AA00F4562D /* Debug */ = {
			isa = XCBuildConfiguration;
			baseConfigurationReference = 07A16A19F9306DB57FAA72E4 /* Pods-Login-Example.debug.xcconfig */;
			buildSettings = {
				ASSETCATALOG_COMPILER_APPICON_NAME = AppIcon;
				ASSETCATALOG_COMPILER_GLOBAL_ACCENT_COLOR_NAME = AccentColor;
				CODE_SIGN_STYLE = Automatic;
				INFOPLIST_FILE = "Login-Example/Resources/Info.plist";
				LD_RUNPATH_SEARCH_PATHS = (
					"$(inherited)",
					"@executable_path/Frameworks",
				);
				PRODUCT_BUNDLE_IDENTIFIER = "com.tiekle.Login-Example";
				PRODUCT_NAME = "$(TARGET_NAME)";
				SWIFT_VERSION = 5.0;
				TARGETED_DEVICE_FAMILY = "1,2";
			};
			name = Debug;
		};
		EDB91DDD26C3B8AA00F4562D /* Release */ = {
			isa = XCBuildConfiguration;
			baseConfigurationReference = 91C1A501F12E575CAF032439 /* Pods-Login-Example.release.xcconfig */;
			buildSettings = {
				ASSETCATALOG_COMPILER_APPICON_NAME = AppIcon;
				ASSETCATALOG_COMPILER_GLOBAL_ACCENT_COLOR_NAME = AccentColor;
				CODE_SIGN_STYLE = Automatic;
				INFOPLIST_FILE = "Login-Example/Resources/Info.plist";
				LD_RUNPATH_SEARCH_PATHS = (
					"$(inherited)",
					"@executable_path/Frameworks",
				);
				PRODUCT_BUNDLE_IDENTIFIER = "com.tiekle.Login-Example";
				PRODUCT_NAME = "$(TARGET_NAME)";
				SWIFT_VERSION = 5.0;
				TARGETED_DEVICE_FAMILY = "1,2";
			};
			name = Release;
		};
/* End XCBuildConfiguration section */

/* Begin XCConfigurationList section */
		EDB91DC226C3B8A800F4562D /* Build configuration list for PBXProject "Login-Example" */ = {
			isa = XCConfigurationList;
			buildConfigurations = (
				EDB91DD926C3B8AA00F4562D /* Debug */,
				EDB91DDA26C3B8AA00F4562D /* Release */,
			);
			defaultConfigurationIsVisible = 0;
			defaultConfigurationName = Release;
		};
		EDB91DDB26C3B8AA00F4562D /* Build configuration list for PBXNativeTarget "Login-Example" */ = {
			isa = XCConfigurationList;
			buildConfigurations = (
				EDB91DDC26C3B8AA00F4562D /* Debug */,
				EDB91DDD26C3B8AA00F4562D /* Release */,
			);
			defaultConfigurationIsVisible = 0;
			defaultConfigurationName = Release;
		};
/* End XCConfigurationList section */
	};
	rootObject = EDB91DBF26C3B8A800F4562D /* Project object */;
}
